// !$*UTF8*$!
{
	archiveVersion = 1;
	classes = {
	};
	objectVersion = 46;
	objects = {

/* Begin PBXAggregateTarget section */
		FFDDA0C61B2CD9DD003D9CEA /* IQWidgets - Universal */ = {
			isa = PBXAggregateTarget;
			buildConfigurationList = FFDDA0C71B2CD9DE003D9CEA /* Build configuration list for PBXAggregateTarget "IQWidgets - Universal" */;
			buildPhases = (
				FFDDA0CC1B2CDA39003D9CEA /* ShellScript */,
			);
			dependencies = (
				FFDDA0CB1B2CD9EC003D9CEA /* PBXTargetDependency */,
			);
			name = "IQWidgets - Universal";
			productName = "IQWidgets - Universal";
		};
/* End PBXAggregateTarget section */

/* Begin PBXBuildFile section */
		FF11C2A71B2C36F000556651 /* LigatureSymbols.otf in Resources */ = {isa = PBXBuildFile; fileRef = FF11C2A61B2C36F000556651 /* LigatureSymbols.otf */; };
		FF466E251B30423D00B5740E /* IQWidgets.framework in Frameworks */ = {isa = PBXBuildFile; fileRef = FFDDA0AB1B2CD766003D9CEA /* IQWidgets.framework */; };
		FF5716FD1B2B0372008408D4 /* Tests-Info.plist in Resources */ = {isa = PBXBuildFile; fileRef = FF8C322C130B175700A10CF0 /* Tests-Info.plist */; };
		FF5716FE1B2B0372008408D4 /* CalendarTests.m in Sources */ = {isa = PBXBuildFile; fileRef = FF8C31F8130B111400A10CF0 /* CalendarTests.m */; };
		FF5716FF1B2B0372008408D4 /* ScheduleTests.m in Sources */ = {isa = PBXBuildFile; fileRef = FFD6CF35130C69D10040F26E /* ScheduleTests.m */; };
		FF5717001B2B040F008408D4 /* test.plist in Resources */ = {isa = PBXBuildFile; fileRef = FF9D9DD416275E3A002A9272 /* test.plist */; };
		FF84432A1B2B2D56004797E5 /* LaunchScreen.xib in Resources */ = {isa = PBXBuildFile; fileRef = FF8443261B2B2D56004797E5 /* LaunchScreen.xib */; };
		FF84432D1B2B2D6A004797E5 /* Images.xcassets in Resources */ = {isa = PBXBuildFile; fileRef = FF84432C1B2B2D6A004797E5 /* Images.xcassets */; };
		FF84432F1B2B2DB2004797E5 /* Default-568h@2x.png in Resources */ = {isa = PBXBuildFile; fileRef = FF84432E1B2B2DB2004797E5 /* Default-568h@2x.png */; };
		FFDDA04B1B2C4234003D9CEA /* test.png in Resources */ = {isa = PBXBuildFile; fileRef = FFA26834132E8F23007B7FBD /* test.png */; };
		FFDDA04C1B2C4234003D9CEA /* about.html in Resources */ = {isa = PBXBuildFile; fileRef = FF9D9DD31624B692002A9272 /* about.html */; };
		FFDDA0CD1B2CDB77003D9CEA /* IQCalendarView.h in Headers */ = {isa = PBXBuildFile; fileRef = FFF2372A161ABF7D009F64CF /* IQCalendarView.h */; settings = {ATTRIBUTES = (Public, ); }; };
		FFDDA0CE1B2CDB77003D9CEA /* IQCalendarView.m in Sources */ = {isa = PBXBuildFile; fileRef = FFF2372F161ABF7D009F64CF /* IQCalendarView.m */; };
		FFDDA0CF1B2CDB77003D9CEA /* IQCalendarHeaderView.h in Headers */ = {isa = PBXBuildFile; fileRef = FFF23729161ABF7D009F64CF /* IQCalendarHeaderView.h */; settings = {ATTRIBUTES = (Public, ); }; };
		FFDDA0D01B2CDB77003D9CEA /* IQCalendarHeaderView.m in Sources */ = {isa = PBXBuildFile; fileRef = FFF23731161ABF7D009F64CF /* IQCalendarHeaderView.m */; };
		FFDDA0D11B2CDB77003D9CEA /* IQIconFont.h in Headers */ = {isa = PBXBuildFile; fileRef = FF8442EF1B2B2B2A004797E5 /* IQIconFont.h */; settings = {ATTRIBUTES = (Public, ); }; };
		FFDDA0D31B2CDB77003D9CEA /* IQScheduleView.h in Headers */ = {isa = PBXBuildFile; fileRef = FFF2372C161ABF7D009F64CF /* IQScheduleView.h */; settings = {ATTRIBUTES = (Public, ); }; };
		FFDDA0D41B2CDB77003D9CEA /* IQScheduleView.m in Sources */ = {isa = PBXBuildFile; fileRef = FFF23730161ABF7D009F64CF /* IQScheduleView.m */; };
		FFDDA0D51B2CDB77003D9CEA /* IQGanttView.h in Headers */ = {isa = PBXBuildFile; fileRef = FFF23733161ABF7D009F64CF /* IQGanttView.h */; settings = {ATTRIBUTES = (Public, ); }; };
		FFDDA0D61B2CDB77003D9CEA /* IQGanttView.m in Sources */ = {isa = PBXBuildFile; fileRef = FFF23734161ABF7D009F64CF /* IQGanttView.m */; };
		FFDDA0D71B2CDB77003D9CEA /* IQScrollView.h in Headers */ = {isa = PBXBuildFile; fileRef = FFF2372D161ABF7D009F64CF /* IQScrollView.h */; settings = {ATTRIBUTES = (Public, ); }; };
		FFDDA0D81B2CDB77003D9CEA /* IQScrollView.m in Sources */ = {isa = PBXBuildFile; fileRef = FFF2372E161ABF7D009F64CF /* IQScrollView.m */; };
		FFDDA0D91B2CDB77003D9CEA /* IQDrawerView.h in Headers */ = {isa = PBXBuildFile; fileRef = FFF2372B161ABF7D009F64CF /* IQDrawerView.h */; settings = {ATTRIBUTES = (Public, ); }; };
		FFDDA0DA1B2CDB77003D9CEA /* IQDrawerView.m in Sources */ = {isa = PBXBuildFile; fileRef = FFF23732161ABF7D009F64CF /* IQDrawerView.m */; };
		FFDDA0DB1B2CDD7F003D9CEA /* IQWidgets.framework in Frameworks */ = {isa = PBXBuildFile; fileRef = FFDDA0AB1B2CD766003D9CEA /* IQWidgets.framework */; };
		FFDDA0DE1B2CDDB5003D9CEA /* IQDrilldownController.h in Headers */ = {isa = PBXBuildFile; fileRef = FFF23725161ABF40009F64CF /* IQDrilldownController.h */; settings = {ATTRIBUTES = (Public, ); }; };
		FFDDA0DF1B2CDDB5003D9CEA /* IQDrilldownController.m in Sources */ = {isa = PBXBuildFile; fileRef = FFF23726161ABF40009F64CF /* IQDrilldownController.m */; };
		FFDDA0E01B2CDDB5003D9CEA /* IQMenuViewController.h in Headers */ = {isa = PBXBuildFile; fileRef = FFF23741161ABFEA009F64CF /* IQMenuViewController.h */; settings = {ATTRIBUTES = (Public, ); }; };
		FFDDA0E11B2CDDB5003D9CEA /* IQMenuViewController.m in Sources */ = {isa = PBXBuildFile; fileRef = FFF23742161ABFEA009F64CF /* IQMenuViewController.m */; };
		FFDDA0E21B2CDDB5003D9CEA /* IQNavigationController.h in Headers */ = {isa = PBXBuildFile; fileRef = FF9D9DD516277A81002A9272 /* IQNavigationController.h */; settings = {ATTRIBUTES = (Public, ); }; };
		FFDDA0E31B2CDDB5003D9CEA /* IQNavigationController.m in Sources */ = {isa = PBXBuildFile; fileRef = FF9D9DD616277A81002A9272 /* IQNavigationController.m */; };
		FFDDA0E41B2CDDC3003D9CEA /* IQTheme.h in Headers */ = {isa = PBXBuildFile; fileRef = FF67B0701621EFBA00F20BA3 /* IQTheme.h */; settings = {ATTRIBUTES = (Public, ); }; };
		FFDDA0E51B2CDDC3003D9CEA /* IQTheme.m in Sources */ = {isa = PBXBuildFile; fileRef = FF67B06E1621EFBA00F20BA3 /* IQTheme.m */; };
		FFDDA0E61B2CDDC3003D9CEA /* IQThemeCSS.h in Headers */ = {isa = PBXBuildFile; fileRef = FF67B0711621EFBA00F20BA3 /* IQThemeCSS.h */; settings = {ATTRIBUTES = (Public, ); }; };
		FFDDA0E71B2CDDC3003D9CEA /* IQThemeCSS.m in Sources */ = {isa = PBXBuildFile; fileRef = FF67B06F1621EFBA00F20BA3 /* IQThemeCSS.m */; };
		FFDDA0E81B2CDDEB003D9CEA /* IQCalendarDataSource.h in Headers */ = {isa = PBXBuildFile; fileRef = FFC964681327DB4200B2EBA6 /* IQCalendarDataSource.h */; settings = {ATTRIBUTES = (Public, ); }; };
		FFDDA0E91B2CDDF2003D9CEA /* IQWidgets.h in Headers */ = {isa = PBXBuildFile; fileRef = FF540B3712A960B800C2C7A5 /* IQWidgets.h */; settings = {ATTRIBUTES = (Public, ); }; };
		FFDDA0EA1B2CDDF7003D9CEA /* IQCalendarDataSource.m in Sources */ = {isa = PBXBuildFile; fileRef = FFC964691327DB4200B2EBA6 /* IQCalendarDataSource.m */; };
		FFDDA1241B2CE51E003D9CEA /* IQIconFont.m in Sources */ = {isa = PBXBuildFile; fileRef = FF8442F01B2B2B2A004797E5 /* IQIconFont.m */; };
		FFDDA1291B2CE7DE003D9CEA /* basic.css in Resources */ = {isa = PBXBuildFile; fileRef = FF9D9DD11624B408002A9272 /* basic.css */; };
		FFDDA12A1B2CE7DE003D9CEA /* social.css in Resources */ = {isa = PBXBuildFile; fileRef = FF9D9DD21624B419002A9272 /* social.css */; };
		FFDDA12B1B2CF53F003D9CEA /* FontAwesome.otf in Resources */ = {isa = PBXBuildFile; fileRef = FF8442F31B2B2BD7004797E5 /* FontAwesome.otf */; };
		FFEEA2DD1B2B300400768D2A /* ExampleApp.m in Sources */ = {isa = PBXBuildFile; fileRef = FF540AEE12A95EF400C2C7A5 /* ExampleApp.m */; };
		FFEEA2DE1B2B300800768D2A /* MonthCalendarExample.m in Sources */ = {isa = PBXBuildFile; fileRef = FF9D9DE1162793C1002A9272 /* MonthCalendarExample.m */; };
/* End PBXBuildFile section */

/* Begin PBXContainerItemProxy section */
		FFDDA0CA1B2CD9EC003D9CEA /* PBXContainerItemProxy */ = {
			isa = PBXContainerItemProxy;
			containerPortal = 0867D690FE84028FC02AAC07 /* Project object */;
			proxyType = 1;
			remoteGlobalIDString = FFDDA0AA1B2CD766003D9CEA;
			remoteInfo = IQWidgets;
		};
/* End PBXContainerItemProxy section */

/* Begin PBXFileReference section */
		AACBBE490F95108600F1A2B1 /* Foundation.framework */ = {isa = PBXFileReference; lastKnownFileType = wrapper.framework; name = Foundation.framework; path = System/Library/Frameworks/Foundation.framework; sourceTree = SDKROOT; };
		FF11C2A61B2C36F000556651 /* LigatureSymbols.otf */ = {isa = PBXFileReference; lastKnownFileType = file; path = LigatureSymbols.otf; sourceTree = "<group>"; };
		FF24AF261327A0F300BE3723 /* CoreGraphics.framework */ = {isa = PBXFileReference; lastKnownFileType = wrapper.framework; name = CoreGraphics.framework; path = System/Library/Frameworks/CoreGraphics.framework; sourceTree = SDKROOT; };
		FF4553D012BAC48000B26A30 /* MapKit.framework */ = {isa = PBXFileReference; lastKnownFileType = wrapper.framework; name = MapKit.framework; path = System/Library/Frameworks/MapKit.framework; sourceTree = SDKROOT; };
		FF4553D712BAC48E00B26A30 /* CoreLocation.framework */ = {isa = PBXFileReference; lastKnownFileType = wrapper.framework; name = CoreLocation.framework; path = System/Library/Frameworks/CoreLocation.framework; sourceTree = SDKROOT; };
		FF540AED12A95EF400C2C7A5 /* ExampleApp.h */ = {isa = PBXFileReference; fileEncoding = 4; lastKnownFileType = sourcecode.c.h; name = ExampleApp.h; path = Example/ExampleApp.h; sourceTree = "<group>"; };
		FF540AEE12A95EF400C2C7A5 /* ExampleApp.m */ = {isa = PBXFileReference; fileEncoding = 4; lastKnownFileType = sourcecode.c.objc; name = ExampleApp.m; path = Example/ExampleApp.m; sourceTree = "<group>"; };
		FF540AF412A95F1D00C2C7A5 /* UIKit.framework */ = {isa = PBXFileReference; lastKnownFileType = wrapper.framework; name = UIKit.framework; path = System/Library/Frameworks/UIKit.framework; sourceTree = SDKROOT; };
		FF540B0D12A95FB200C2C7A5 /* Example-Info.plist */ = {isa = PBXFileReference; fileEncoding = 4; lastKnownFileType = text.plist.xml; name = "Example-Info.plist"; path = "Example/Example-Info.plist"; sourceTree = "<group>"; };
		FF540B3712A960B800C2C7A5 /* IQWidgets.h */ = {isa = PBXFileReference; fileEncoding = 4; lastKnownFileType = sourcecode.c.h; path = IQWidgets.h; sourceTree = "<group>"; };
		FF540D6812A9913F00C2C7A5 /* QuartzCore.framework */ = {isa = PBXFileReference; lastKnownFileType = wrapper.framework; name = QuartzCore.framework; path = System/Library/Frameworks/QuartzCore.framework; sourceTree = SDKROOT; };
		FF5716F11B2B035C008408D4 /* IQWidgets Tests.xctest */ = {isa = PBXFileReference; explicitFileType = wrapper.cfbundle; includeInIndex = 0; path = "IQWidgets Tests.xctest"; sourceTree = BUILT_PRODUCTS_DIR; };
		FF60485D133CD49500BB74F6 /* QuartzCore.framework */ = {isa = PBXFileReference; lastKnownFileType = wrapper.framework; name = QuartzCore.framework; path = System/Library/Frameworks/QuartzCore.framework; sourceTree = SDKROOT; };
		FF67B06E1621EFBA00F20BA3 /* IQTheme.m */ = {isa = PBXFileReference; fileEncoding = 4; lastKnownFileType = sourcecode.c.objc; name = IQTheme.m; path = Theming/IQTheme.m; sourceTree = "<group>"; };
		FF67B06F1621EFBA00F20BA3 /* IQThemeCSS.m */ = {isa = PBXFileReference; fileEncoding = 4; lastKnownFileType = sourcecode.c.objc; name = IQThemeCSS.m; path = Theming/IQThemeCSS.m; sourceTree = "<group>"; };
		FF67B0701621EFBA00F20BA3 /* IQTheme.h */ = {isa = PBXFileReference; fileEncoding = 4; lastKnownFileType = sourcecode.c.h; name = IQTheme.h; path = Theming/IQTheme.h; sourceTree = "<group>"; };
		FF67B0711621EFBA00F20BA3 /* IQThemeCSS.h */ = {isa = PBXFileReference; fileEncoding = 4; lastKnownFileType = sourcecode.c.h; name = IQThemeCSS.h; path = Theming/IQThemeCSS.h; sourceTree = "<group>"; };
		FF8442EF1B2B2B2A004797E5 /* IQIconFont.h */ = {isa = PBXFileReference; fileEncoding = 4; lastKnownFileType = sourcecode.c.h; name = IQIconFont.h; path = Views/IQIconFont.h; sourceTree = "<group>"; };
		FF8442F01B2B2B2A004797E5 /* IQIconFont.m */ = {isa = PBXFileReference; fileEncoding = 4; lastKnownFileType = sourcecode.c.objc; name = IQIconFont.m; path = Views/IQIconFont.m; sourceTree = "<group>"; };
		FF8442F31B2B2BD7004797E5 /* FontAwesome.otf */ = {isa = PBXFileReference; lastKnownFileType = file; path = FontAwesome.otf; sourceTree = "<group>"; };
		FF8442FB1B2B2CC6004797E5 /* IQWidgetsExample.app */ = {isa = PBXFileReference; explicitFileType = wrapper.application; includeInIndex = 0; path = IQWidgetsExample.app; sourceTree = BUILT_PRODUCTS_DIR; };
		FF8443271B2B2D56004797E5 /* Base */ = {isa = PBXFileReference; lastKnownFileType = file.xib; name = Base; path = Example/Base.lproj/LaunchScreen.xib; sourceTree = "<group>"; };
		FF84432C1B2B2D6A004797E5 /* Images.xcassets */ = {isa = PBXFileReference; lastKnownFileType = folder.assetcatalog; name = Images.xcassets; path = Example/Images.xcassets; sourceTree = "<group>"; };
		FF84432E1B2B2DB2004797E5 /* Default-568h@2x.png */ = {isa = PBXFileReference; lastKnownFileType = image.png; path = "Default-568h@2x.png"; sourceTree = "<group>"; };
		FF86DC55136CA25A0077805F /* OpenGLES.framework */ = {isa = PBXFileReference; lastKnownFileType = wrapper.framework; name = OpenGLES.framework; path = System/Library/Frameworks/OpenGLES.framework; sourceTree = SDKROOT; };
		FF8C31F8130B111400A10CF0 /* CalendarTests.m */ = {isa = PBXFileReference; fileEncoding = 4; lastKnownFileType = sourcecode.c.objc; name = CalendarTests.m; path = Tests/CalendarTests.m; sourceTree = "<group>"; };
		FF8C3213130B136E00A10CF0 /* CoreGraphics.framework */ = {isa = PBXFileReference; lastKnownFileType = wrapper.framework; name = CoreGraphics.framework; path = System/Library/Frameworks/CoreGraphics.framework; sourceTree = SDKROOT; };
		FF8C322C130B175700A10CF0 /* Tests-Info.plist */ = {isa = PBXFileReference; fileEncoding = 4; lastKnownFileType = text.plist.xml; name = "Tests-Info.plist"; path = "Tests/Tests-Info.plist"; sourceTree = "<group>"; };
		FF9D9DD11624B408002A9272 /* basic.css */ = {isa = PBXFileReference; fileEncoding = 4; lastKnownFileType = text.css; name = basic.css; path = Example/Themes/basic.css; sourceTree = "<group>"; };
		FF9D9DD21624B419002A9272 /* social.css */ = {isa = PBXFileReference; fileEncoding = 4; lastKnownFileType = text.css; name = social.css; path = Example/Themes/social.css; sourceTree = "<group>"; };
		FF9D9DD31624B692002A9272 /* about.html */ = {isa = PBXFileReference; fileEncoding = 4; lastKnownFileType = text.html; name = about.html; path = Example/about.html; sourceTree = "<group>"; };
		FF9D9DD416275E3A002A9272 /* test.plist */ = {isa = PBXFileReference; fileEncoding = 4; lastKnownFileType = text.plist.xml; path = test.plist; sourceTree = "<group>"; };
		FF9D9DD516277A81002A9272 /* IQNavigationController.h */ = {isa = PBXFileReference; fileEncoding = 4; lastKnownFileType = sourcecode.c.h; name = IQNavigationController.h; path = Controllers/IQNavigationController.h; sourceTree = "<group>"; };
		FF9D9DD616277A81002A9272 /* IQNavigationController.m */ = {isa = PBXFileReference; fileEncoding = 4; lastKnownFileType = sourcecode.c.objc; name = IQNavigationController.m; path = Controllers/IQNavigationController.m; sourceTree = "<group>"; };
		FF9D9DE0162793C1002A9272 /* MonthCalendarExample.h */ = {isa = PBXFileReference; fileEncoding = 4; lastKnownFileType = sourcecode.c.h; name = MonthCalendarExample.h; path = Example/Examples/MonthCalendarExample.h; sourceTree = "<group>"; };
		FF9D9DE1162793C1002A9272 /* MonthCalendarExample.m */ = {isa = PBXFileReference; fileEncoding = 4; lastKnownFileType = sourcecode.c.objc; name = MonthCalendarExample.m; path = Example/Examples/MonthCalendarExample.m; sourceTree = "<group>"; };
		FFA26834132E8F23007B7FBD /* test.png */ = {isa = PBXFileReference; lastKnownFileType = image.png; name = test.png; path = Example/test.png; sourceTree = "<group>"; };
		FFC964681327DB4200B2EBA6 /* IQCalendarDataSource.h */ = {isa = PBXFileReference; fileEncoding = 4; lastKnownFileType = sourcecode.c.h; path = IQCalendarDataSource.h; sourceTree = "<group>"; };
		FFC964691327DB4200B2EBA6 /* IQCalendarDataSource.m */ = {isa = PBXFileReference; fileEncoding = 4; lastKnownFileType = sourcecode.c.objc; path = IQCalendarDataSource.m; sourceTree = "<group>"; };
		FFD6CF35130C69D10040F26E /* ScheduleTests.m */ = {isa = PBXFileReference; fileEncoding = 4; lastKnownFileType = sourcecode.c.objc; name = ScheduleTests.m; path = Tests/ScheduleTests.m; sourceTree = "<group>"; };
		FFD6CF39130C828B0040F26E /* TestUtil.h */ = {isa = PBXFileReference; fileEncoding = 4; lastKnownFileType = sourcecode.c.h; name = TestUtil.h; path = Tests/TestUtil.h; sourceTree = "<group>"; };
		FFDDA0AB1B2CD766003D9CEA /* IQWidgets.framework */ = {isa = PBXFileReference; explicitFileType = wrapper.framework; includeInIndex = 0; path = IQWidgets.framework; sourceTree = BUILT_PRODUCTS_DIR; };
		FFDDA0C41B2CD7A9003D9CEA /* Info.plist */ = {isa = PBXFileReference; fileEncoding = 4; lastKnownFileType = text.plist.xml; path = Info.plist; sourceTree = "<group>"; };
		FFF23725161ABF40009F64CF /* IQDrilldownController.h */ = {isa = PBXFileReference; fileEncoding = 4; lastKnownFileType = sourcecode.c.h; name = IQDrilldownController.h; path = Controllers/IQDrilldownController.h; sourceTree = "<group>"; };
		FFF23726161ABF40009F64CF /* IQDrilldownController.m */ = {isa = PBXFileReference; fileEncoding = 4; lastKnownFileType = sourcecode.c.objc; name = IQDrilldownController.m; path = Controllers/IQDrilldownController.m; sourceTree = "<group>"; };
		FFF23729161ABF7D009F64CF /* IQCalendarHeaderView.h */ = {isa = PBXFileReference; fileEncoding = 4; lastKnownFileType = sourcecode.c.h; name = IQCalendarHeaderView.h; path = Views/IQCalendarHeaderView.h; sourceTree = "<group>"; };
		FFF2372A161ABF7D009F64CF /* IQCalendarView.h */ = {isa = PBXFileReference; fileEncoding = 4; lastKnownFileType = sourcecode.c.h; name = IQCalendarView.h; path = Views/IQCalendarView.h; sourceTree = "<group>"; };
		FFF2372B161ABF7D009F64CF /* IQDrawerView.h */ = {isa = PBXFileReference; fileEncoding = 4; lastKnownFileType = sourcecode.c.h; name = IQDrawerView.h; path = Views/IQDrawerView.h; sourceTree = "<group>"; };
		FFF2372C161ABF7D009F64CF /* IQScheduleView.h */ = {isa = PBXFileReference; fileEncoding = 4; lastKnownFileType = sourcecode.c.h; name = IQScheduleView.h; path = Views/IQScheduleView.h; sourceTree = "<group>"; };
		FFF2372D161ABF7D009F64CF /* IQScrollView.h */ = {isa = PBXFileReference; fileEncoding = 4; lastKnownFileType = sourcecode.c.h; name = IQScrollView.h; path = Views/IQScrollView.h; sourceTree = "<group>"; };
		FFF2372E161ABF7D009F64CF /* IQScrollView.m */ = {isa = PBXFileReference; fileEncoding = 4; lastKnownFileType = sourcecode.c.objc; name = IQScrollView.m; path = Views/IQScrollView.m; sourceTree = "<group>"; };
		FFF2372F161ABF7D009F64CF /* IQCalendarView.m */ = {isa = PBXFileReference; fileEncoding = 4; lastKnownFileType = sourcecode.c.objc; name = IQCalendarView.m; path = Views/IQCalendarView.m; sourceTree = "<group>"; };
		FFF23730161ABF7D009F64CF /* IQScheduleView.m */ = {isa = PBXFileReference; fileEncoding = 4; lastKnownFileType = sourcecode.c.objc; name = IQScheduleView.m; path = Views/IQScheduleView.m; sourceTree = "<group>"; };
		FFF23731161ABF7D009F64CF /* IQCalendarHeaderView.m */ = {isa = PBXFileReference; fileEncoding = 4; lastKnownFileType = sourcecode.c.objc; name = IQCalendarHeaderView.m; path = Views/IQCalendarHeaderView.m; sourceTree = "<group>"; };
		FFF23732161ABF7D009F64CF /* IQDrawerView.m */ = {isa = PBXFileReference; fileEncoding = 4; lastKnownFileType = sourcecode.c.objc; name = IQDrawerView.m; path = Views/IQDrawerView.m; sourceTree = "<group>"; };
		FFF23733161ABF7D009F64CF /* IQGanttView.h */ = {isa = PBXFileReference; fileEncoding = 4; lastKnownFileType = sourcecode.c.h; name = IQGanttView.h; path = Views/IQGanttView.h; sourceTree = "<group>"; };
		FFF23734161ABF7D009F64CF /* IQGanttView.m */ = {isa = PBXFileReference; fileEncoding = 4; lastKnownFileType = sourcecode.c.objc; name = IQGanttView.m; path = Views/IQGanttView.m; sourceTree = "<group>"; };
		FFF23741161ABFEA009F64CF /* IQMenuViewController.h */ = {isa = PBXFileReference; fileEncoding = 4; lastKnownFileType = sourcecode.c.h; name = IQMenuViewController.h; path = Controllers/IQMenuViewController.h; sourceTree = "<group>"; };
		FFF23742161ABFEA009F64CF /* IQMenuViewController.m */ = {isa = PBXFileReference; fileEncoding = 4; lastKnownFileType = sourcecode.c.objc; name = IQMenuViewController.m; path = Controllers/IQMenuViewController.m; sourceTree = "<group>"; };
/* End PBXFileReference section */

/* Begin PBXFrameworksBuildPhase section */
		FF5716EE1B2B035C008408D4 /* Frameworks */ = {
			isa = PBXFrameworksBuildPhase;
			buildActionMask = 2147483647;
			files = (
				FF466E251B30423D00B5740E /* IQWidgets.framework in Frameworks */,
			);
			runOnlyForDeploymentPostprocessing = 0;
		};
		FF8442F81B2B2CC6004797E5 /* Frameworks */ = {
			isa = PBXFrameworksBuildPhase;
			buildActionMask = 2147483647;
			files = (
				FFDDA0DB1B2CDD7F003D9CEA /* IQWidgets.framework in Frameworks */,
			);
			runOnlyForDeploymentPostprocessing = 0;
		};
		FFDDA0A71B2CD766003D9CEA /* Frameworks */ = {
			isa = PBXFrameworksBuildPhase;
			buildActionMask = 2147483647;
			files = (
			);
			runOnlyForDeploymentPostprocessing = 0;
		};
/* End PBXFrameworksBuildPhase section */

/* Begin PBXGroup section */
		034768DFFF38A50411DB9C8B /* Products */ = {
			isa = PBXGroup;
			children = (
				FF5716F11B2B035C008408D4 /* IQWidgets Tests.xctest */,
				FF8442FB1B2B2CC6004797E5 /* IQWidgetsExample.app */,
				FFDDA0AB1B2CD766003D9CEA /* IQWidgets.framework */,
			);
			name = Products;
			sourceTree = "<group>";
		};
		0867D691FE84028FC02AAC07 /* IQTiledScrollView */ = {
			isa = PBXGroup;
			children = (
				FF84432E1B2B2DB2004797E5 /* Default-568h@2x.png */,
				FF9D9DD416275E3A002A9272 /* test.plist */,
				FF86DC55136CA25A0077805F /* OpenGLES.framework */,
				FF60485D133CD49500BB74F6 /* QuartzCore.framework */,
				FF24AF261327A0F300BE3723 /* CoreGraphics.framework */,
				FF540AEC12A95EDB00C2C7A5 /* Example */,
				FFDDA0C41B2CD7A9003D9CEA /* Info.plist */,
				FF8C31F6130B10FB00A10CF0 /* Tests */,
				FF96D43A16173742003D50AF /* Prototypes / Base Classes */,
				FF67B06C1621EF8800F20BA3 /* Theming */,
				FF96D4381617372E003D50AF /* Controllers */,
				FF96D43B16173757003D50AF /* Views */,
				08FB77AEFE84172EC02AAC07 /* Support Classes */,
				0867D69AFE84028FC02AAC07 /* Frameworks */,
				034768DFFF38A50411DB9C8B /* Products */,
			);
			name = IQTiledScrollView;
			sourceTree = "<group>";
		};
		0867D69AFE84028FC02AAC07 /* Frameworks */ = {
			isa = PBXGroup;
			children = (
				FF540AF412A95F1D00C2C7A5 /* UIKit.framework */,
				FF540D6812A9913F00C2C7A5 /* QuartzCore.framework */,
				FF4553D012BAC48000B26A30 /* MapKit.framework */,
				FF4553D712BAC48E00B26A30 /* CoreLocation.framework */,
				AACBBE490F95108600F1A2B1 /* Foundation.framework */,
				FF8C3213130B136E00A10CF0 /* CoreGraphics.framework */,
			);
			name = Frameworks;
			sourceTree = "<group>";
		};
		08FB77AEFE84172EC02AAC07 /* Support Classes */ = {
			isa = PBXGroup;
			children = (
				FF540B3712A960B800C2C7A5 /* IQWidgets.h */,
				FFC964681327DB4200B2EBA6 /* IQCalendarDataSource.h */,
				FFC964691327DB4200B2EBA6 /* IQCalendarDataSource.m */,
			);
			name = "Support Classes";
			sourceTree = "<group>";
		};
		FF540AEC12A95EDB00C2C7A5 /* Example */ = {
			isa = PBXGroup;
			children = (
				FF8442F31B2B2BD7004797E5 /* FontAwesome.otf */,
				FF11C2A61B2C36F000556651 /* LigatureSymbols.otf */,
				FF9D9DD01624B3F4002A9272 /* Themes */,
				FFDA7DEB14377F0E00B5FB92 /* Examples */,
				FFDA7DE614376C7E00B5FB92 /* Supporting Code */,
				FFA26834132E8F23007B7FBD /* test.png */,
				FF9D9DD31624B692002A9272 /* about.html */,
				FF540AED12A95EF400C2C7A5 /* ExampleApp.h */,
				FF540AEE12A95EF400C2C7A5 /* ExampleApp.m */,
				FF84432C1B2B2D6A004797E5 /* Images.xcassets */,
				FF8443261B2B2D56004797E5 /* LaunchScreen.xib */,
				FF540B0D12A95FB200C2C7A5 /* Example-Info.plist */,
			);
			name = Example;
			sourceTree = "<group>";
		};
		FF67B06C1621EF8800F20BA3 /* Theming */ = {
			isa = PBXGroup;
			children = (
				FF67B0701621EFBA00F20BA3 /* IQTheme.h */,
				FF67B06E1621EFBA00F20BA3 /* IQTheme.m */,
				FF67B0711621EFBA00F20BA3 /* IQThemeCSS.h */,
				FF67B06F1621EFBA00F20BA3 /* IQThemeCSS.m */,
			);
			name = Theming;
			sourceTree = "<group>";
		};
		FF8C31F6130B10FB00A10CF0 /* Tests */ = {
			isa = PBXGroup;
			children = (
				FF8C322C130B175700A10CF0 /* Tests-Info.plist */,
				FF8C31F8130B111400A10CF0 /* CalendarTests.m */,
				FFD6CF35130C69D10040F26E /* ScheduleTests.m */,
				FFD6CF39130C828B0040F26E /* TestUtil.h */,
			);
			name = Tests;
			sourceTree = "<group>";
		};
		FF96D4381617372E003D50AF /* Controllers */ = {
			isa = PBXGroup;
			children = (
				FFF23725161ABF40009F64CF /* IQDrilldownController.h */,
				FFF23726161ABF40009F64CF /* IQDrilldownController.m */,
				FFF23741161ABFEA009F64CF /* IQMenuViewController.h */,
				FFF23742161ABFEA009F64CF /* IQMenuViewController.m */,
				FF9D9DD516277A81002A9272 /* IQNavigationController.h */,
				FF9D9DD616277A81002A9272 /* IQNavigationController.m */,
			);
			name = Controllers;
			sourceTree = "<group>";
		};
		FF96D43A16173742003D50AF /* Prototypes / Base Classes */ = {
			isa = PBXGroup;
			children = (
			);
			name = "Prototypes / Base Classes";
			sourceTree = "<group>";
		};
		FF96D43B16173757003D50AF /* Views */ = {
			isa = PBXGroup;
			children = (
				FFF2372A161ABF7D009F64CF /* IQCalendarView.h */,
				FFF2372F161ABF7D009F64CF /* IQCalendarView.m */,
				FFF23729161ABF7D009F64CF /* IQCalendarHeaderView.h */,
				FFF23731161ABF7D009F64CF /* IQCalendarHeaderView.m */,
				FF8442EF1B2B2B2A004797E5 /* IQIconFont.h */,
				FF8442F01B2B2B2A004797E5 /* IQIconFont.m */,
				FFF2372C161ABF7D009F64CF /* IQScheduleView.h */,
				FFF23730161ABF7D009F64CF /* IQScheduleView.m */,
				FFF23733161ABF7D009F64CF /* IQGanttView.h */,
				FFF23734161ABF7D009F64CF /* IQGanttView.m */,
				FFF2372D161ABF7D009F64CF /* IQScrollView.h */,
				FFF2372E161ABF7D009F64CF /* IQScrollView.m */,
				FFF2372B161ABF7D009F64CF /* IQDrawerView.h */,
				FFF23732161ABF7D009F64CF /* IQDrawerView.m */,
			);
			name = Views;
			sourceTree = "<group>";
		};
		FF9D9DD01624B3F4002A9272 /* Themes */ = {
			isa = PBXGroup;
			children = (
				FF9D9DD11624B408002A9272 /* basic.css */,
				FF9D9DD21624B419002A9272 /* social.css */,
			);
			name = Themes;
			sourceTree = "<group>";
		};
		FFDA7DE614376C7E00B5FB92 /* Supporting Code */ = {
			isa = PBXGroup;
			children = (
			);
			name = "Supporting Code";
			sourceTree = "<group>";
		};
		FFDA7DEB14377F0E00B5FB92 /* Examples */ = {
			isa = PBXGroup;
			children = (
				FF9D9DE0162793C1002A9272 /* MonthCalendarExample.h */,
				FF9D9DE1162793C1002A9272 /* MonthCalendarExample.m */,
			);
			name = Examples;
			sourceTree = "<group>";
		};
/* End PBXGroup section */

/* Begin PBXHeadersBuildPhase section */
		FFDDA0A81B2CD766003D9CEA /* Headers */ = {
			isa = PBXHeadersBuildPhase;
			buildActionMask = 2147483647;
			files = (
				FFDDA0E21B2CDDB5003D9CEA /* IQNavigationController.h in Headers */,
				FFDDA0D91B2CDB77003D9CEA /* IQDrawerView.h in Headers */,
				FFDDA0D31B2CDB77003D9CEA /* IQScheduleView.h in Headers */,
				FFDDA0DE1B2CDDB5003D9CEA /* IQDrilldownController.h in Headers */,
				FFDDA0E81B2CDDEB003D9CEA /* IQCalendarDataSource.h in Headers */,
				FFDDA0D51B2CDB77003D9CEA /* IQGanttView.h in Headers */,
				FFDDA0E91B2CDDF2003D9CEA /* IQWidgets.h in Headers */,
				FFDDA0E41B2CDDC3003D9CEA /* IQTheme.h in Headers */,
				FFDDA0D11B2CDB77003D9CEA /* IQIconFont.h in Headers */,
				FFDDA0CF1B2CDB77003D9CEA /* IQCalendarHeaderView.h in Headers */,
				FFDDA0E61B2CDDC3003D9CEA /* IQThemeCSS.h in Headers */,
				FFDDA0D71B2CDB77003D9CEA /* IQScrollView.h in Headers */,
				FFDDA0CD1B2CDB77003D9CEA /* IQCalendarView.h in Headers */,
				FFDDA0E01B2CDDB5003D9CEA /* IQMenuViewController.h in Headers */,
			);
			runOnlyForDeploymentPostprocessing = 0;
		};
/* End PBXHeadersBuildPhase section */

/* Begin PBXNativeTarget section */
		FF5716F01B2B035C008408D4 /* IQWidgets Tests */ = {
			isa = PBXNativeTarget;
			buildConfigurationList = FF5716FA1B2B035C008408D4 /* Build configuration list for PBXNativeTarget "IQWidgets Tests" */;
			buildPhases = (
				FF5716ED1B2B035C008408D4 /* Sources */,
				FF5716EE1B2B035C008408D4 /* Frameworks */,
				FF5716EF1B2B035C008408D4 /* Resources */,
			);
			buildRules = (
			);
			dependencies = (
			);
			name = "IQWidgets Tests";
			productName = "IQWidgets Tests";
			productReference = FF5716F11B2B035C008408D4 /* IQWidgets Tests.xctest */;
			productType = "com.apple.product-type.bundle.unit-test";
		};
		FF8442FA1B2B2CC6004797E5 /* IQWidgetsExample */ = {
			isa = PBXNativeTarget;
			buildConfigurationList = FF84431B1B2B2CC6004797E5 /* Build configuration list for PBXNativeTarget "IQWidgetsExample" */;
			buildPhases = (
				FF8442F71B2B2CC6004797E5 /* Sources */,
				FF8442F81B2B2CC6004797E5 /* Frameworks */,
				FF8442F91B2B2CC6004797E5 /* Resources */,
			);
			buildRules = (
			);
			dependencies = (
			);
			name = IQWidgetsExample;
			productName = IQWidgetsExample;
			productReference = FF8442FB1B2B2CC6004797E5 /* IQWidgetsExample.app */;
			productType = "com.apple.product-type.application";
		};
		FFDDA0AA1B2CD766003D9CEA /* IQWidgets */ = {
			isa = PBXNativeTarget;
			buildConfigurationList = FFDDA0BE1B2CD766003D9CEA /* Build configuration list for PBXNativeTarget "IQWidgets" */;
			buildPhases = (
				FFDDA0A61B2CD766003D9CEA /* Sources */,
				FFDDA0A71B2CD766003D9CEA /* Frameworks */,
				FFDDA0A81B2CD766003D9CEA /* Headers */,
				FFDDA0A91B2CD766003D9CEA /* Resources */,
			);
			buildRules = (
			);
			dependencies = (
			);
			name = IQWidgets;
			productName = IQWidgets;
			productReference = FFDDA0AB1B2CD766003D9CEA /* IQWidgets.framework */;
			productType = "com.apple.product-type.framework";
		};
/* End PBXNativeTarget section */

/* Begin PBXProject section */
		0867D690FE84028FC02AAC07 /* Project object */ = {
			isa = PBXProject;
			attributes = {
				LastUpgradeCheck = 0450;
				TargetAttributes = {
					FF5716F01B2B035C008408D4 = {
						CreatedOnToolsVersion = 6.3.2;
					};
					FF8442FA1B2B2CC6004797E5 = {
						CreatedOnToolsVersion = 6.3.2;
					};
					FFDDA0AA1B2CD766003D9CEA = {
						CreatedOnToolsVersion = 6.3.2;
					};
					FFDDA0C61B2CD9DD003D9CEA = {
						CreatedOnToolsVersion = 6.3.2;
					};
				};
			};
			buildConfigurationList = 1DEB922208733DC00010E9CD /* Build configuration list for PBXProject "IQWidgets" */;
			compatibilityVersion = "Xcode 3.2";
			developmentRegion = English;
			hasScannedForEncodings = 1;
			knownRegions = (
				English,
				Japanese,
				French,
				German,
				en,
				Base,
			);
			mainGroup = 0867D691FE84028FC02AAC07 /* IQTiledScrollView */;
			productRefGroup = 034768DFFF38A50411DB9C8B /* Products */;
			projectDirPath = "";
			projectRoot = "";
			targets = (
				FF5716F01B2B035C008408D4 /* IQWidgets Tests */,
				FF8442FA1B2B2CC6004797E5 /* IQWidgetsExample */,
				FFDDA0AA1B2CD766003D9CEA /* IQWidgets */,
				FFDDA0C61B2CD9DD003D9CEA /* IQWidgets - Universal */,
			);
		};
/* End PBXProject section */

/* Begin PBXResourcesBuildPhase section */
		FF5716EF1B2B035C008408D4 /* Resources */ = {
			isa = PBXResourcesBuildPhase;
			buildActionMask = 2147483647;
			files = (
				FF5717001B2B040F008408D4 /* test.plist in Resources */,
				FF5716FD1B2B0372008408D4 /* Tests-Info.plist in Resources */,
			);
			runOnlyForDeploymentPostprocessing = 0;
		};
		FF8442F91B2B2CC6004797E5 /* Resources */ = {
			isa = PBXResourcesBuildPhase;
			buildActionMask = 2147483647;
			files = (
				FF84432A1B2B2D56004797E5 /* LaunchScreen.xib in Resources */,
				FF11C2A71B2C36F000556651 /* LigatureSymbols.otf in Resources */,
				FFDDA12A1B2CE7DE003D9CEA /* social.css in Resources */,
				FFDDA1291B2CE7DE003D9CEA /* basic.css in Resources */,
				FF84432D1B2B2D6A004797E5 /* Images.xcassets in Resources */,
				FFDDA12B1B2CF53F003D9CEA /* FontAwesome.otf in Resources */,
				FFDDA04C1B2C4234003D9CEA /* about.html in Resources */,
				FF84432F1B2B2DB2004797E5 /* Default-568h@2x.png in Resources */,
				FFDDA04B1B2C4234003D9CEA /* test.png in Resources */,
			);
			runOnlyForDeploymentPostprocessing = 0;
		};
		FFDDA0A91B2CD766003D9CEA /* Resources */ = {
			isa = PBXResourcesBuildPhase;
			buildActionMask = 2147483647;
			files = (
			);
			runOnlyForDeploymentPostprocessing = 0;
		};
/* End PBXResourcesBuildPhase section */

/* Begin PBXShellScriptBuildPhase section */
		FFDDA0CC1B2CDA39003D9CEA /* ShellScript */ = {
			isa = PBXShellScriptBuildPhase;
			buildActionMask = 2147483647;
			files = (
			);
			inputPaths = (
			);
			outputPaths = (
			);
			runOnlyForDeploymentPostprocessing = 0;
			shellPath = /bin/sh;
			shellScript = "# Sets the target folders and the final framework product.\nFMK_NAME=IQWidgets\nTARGET_NAME=\"IQWidgets\"\n\n# Install dir will be the final output to the framework.\n# The following line create it in the root folder of the current project.\n_TARGET_DIR=${BUILD_ROOT}/${CONFIGURATION}-universal\nINSTALL_DIR=${_TARGET_DIR}/${FMK_NAME}.framework\n\n# Working dir will be deleted after the framework creation.\nDEVICE_DIR=${CONFIGURATION_BUILD_DIR}/../${CONFIGURATION}-iphoneos\nSIMULATOR_DIR=${CONFIGURATION_BUILD_DIR}/../${CONFIGURATION}-iphonesimulator\n\n# Building both architectures.\necho Building device\nxcodebuild -configuration \"${CONFIGURATION}\" -target \"${TARGET_NAME}\" -sdk iphoneos CONFIGURATION_BUILD_DIR=${DEVICE_DIR}\necho Building sim\nxcodebuild -configuration \"${CONFIGURATION}\" -target \"${TARGET_NAME}\" -sdk iphonesimulator CONFIGURATION_BUILD_DIR=${SIMULATOR_DIR}\n\n# Cleaning the oldest.\nif [ -d \"${INSTALL_DIR}\" ]; then\nrm -rf \"${INSTALL_DIR}\"\nfi\n\n# Creates and renews the final product folder.\nmkdir -p \"${INSTALL_DIR}\"\n\n# Copies the headers and resources files to the final product folder.\ncp -R \"${DEVICE_DIR}/${FMK_NAME}.framework/Headers\" \"${INSTALL_DIR}/\"\n\n# Uses the Lipo Tool to merge both binary files (i386 + armv6/armv7) into one Universal final product.\nlipo -create \"${DEVICE_DIR}/${FMK_NAME}.framework/${FMK_NAME}\" \"${SIMULATOR_DIR}/${FMK_NAME}.framework/${FMK_NAME}\" -output \"${INSTALL_DIR}/${FMK_NAME}\"\n";
		};
/* End PBXShellScriptBuildPhase section */

/* Begin PBXSourcesBuildPhase section */
		FF5716ED1B2B035C008408D4 /* Sources */ = {
			isa = PBXSourcesBuildPhase;
			buildActionMask = 2147483647;
			files = (
				FF5716FF1B2B0372008408D4 /* ScheduleTests.m in Sources */,
				FF5716FE1B2B0372008408D4 /* CalendarTests.m in Sources */,
			);
			runOnlyForDeploymentPostprocessing = 0;
		};
		FF8442F71B2B2CC6004797E5 /* Sources */ = {
			isa = PBXSourcesBuildPhase;
			buildActionMask = 2147483647;
			files = (
				FFEEA2DD1B2B300400768D2A /* ExampleApp.m in Sources */,
				FFEEA2DE1B2B300800768D2A /* MonthCalendarExample.m in Sources */,
			);
			runOnlyForDeploymentPostprocessing = 0;
		};
		FFDDA0A61B2CD766003D9CEA /* Sources */ = {
			isa = PBXSourcesBuildPhase;
			buildActionMask = 2147483647;
			files = (
				FFDDA1241B2CE51E003D9CEA /* IQIconFont.m in Sources */,
				FFDDA0CE1B2CDB77003D9CEA /* IQCalendarView.m in Sources */,
				FFDDA0D61B2CDB77003D9CEA /* IQGanttView.m in Sources */,
				FFDDA0D41B2CDB77003D9CEA /* IQScheduleView.m in Sources */,
				FFDDA0E11B2CDDB5003D9CEA /* IQMenuViewController.m in Sources */,
				FFDDA0E31B2CDDB5003D9CEA /* IQNavigationController.m in Sources */,
				FFDDA0DA1B2CDB77003D9CEA /* IQDrawerView.m in Sources */,
				FFDDA0EA1B2CDDF7003D9CEA /* IQCalendarDataSource.m in Sources */,
				FFDDA0E51B2CDDC3003D9CEA /* IQTheme.m in Sources */,
				FFDDA0D01B2CDB77003D9CEA /* IQCalendarHeaderView.m in Sources */,
				FFDDA0E71B2CDDC3003D9CEA /* IQThemeCSS.m in Sources */,
				FFDDA0D81B2CDB77003D9CEA /* IQScrollView.m in Sources */,
				FFDDA0DF1B2CDDB5003D9CEA /* IQDrilldownController.m in Sources */,
			);
			runOnlyForDeploymentPostprocessing = 0;
		};
/* End PBXSourcesBuildPhase section */

/* Begin PBXTargetDependency section */
		FFDDA0CB1B2CD9EC003D9CEA /* PBXTargetDependency */ = {
			isa = PBXTargetDependency;
			target = FFDDA0AA1B2CD766003D9CEA /* IQWidgets */;
			targetProxy = FFDDA0CA1B2CD9EC003D9CEA /* PBXContainerItemProxy */;
		};
/* End PBXTargetDependency section */

/* Begin PBXVariantGroup section */
		FF8443261B2B2D56004797E5 /* LaunchScreen.xib */ = {
			isa = PBXVariantGroup;
			children = (
				FF8443271B2B2D56004797E5 /* Base */,
			);
			name = LaunchScreen.xib;
			sourceTree = "<group>";
		};
/* End PBXVariantGroup section */

/* Begin XCBuildConfiguration section */
		1DEB922308733DC00010E9CD /* Debug */ = {
			isa = XCBuildConfiguration;
			buildSettings = {
				CLANG_ENABLE_OBJC_ARC = YES;
				GCC_C_LANGUAGE_STANDARD = c99;
				GCC_GENERATE_TEST_COVERAGE_FILES = YES;
				GCC_OPTIMIZATION_LEVEL = 0;
				GCC_WARN_ABOUT_RETURN_TYPE = YES;
				GCC_WARN_UNUSED_VARIABLE = YES;
				HEADER_SEARCH_PATHS = "Contrib/libvncserver/x11vnc-0.9.12";
				IPHONEOS_DEPLOYMENT_TARGET = 5.1;
				OTHER_LDFLAGS = (
					"-all_load",
					"-ObjC",
				);
				SDKROOT = iphoneos;
				TARGETED_DEVICE_FAMILY = "1,2";
			};
			name = Debug;
		};
		1DEB922408733DC00010E9CD /* Release */ = {
			isa = XCBuildConfiguration;
			buildSettings = {
				CLANG_ENABLE_OBJC_ARC = YES;
				GCC_C_LANGUAGE_STANDARD = c99;
				GCC_GENERATE_TEST_COVERAGE_FILES = YES;
				GCC_WARN_ABOUT_RETURN_TYPE = YES;
				GCC_WARN_UNUSED_VARIABLE = YES;
				HEADER_SEARCH_PATHS = "Contrib/libvncserver/x11vnc-0.9.12";
				IPHONEOS_DEPLOYMENT_TARGET = 5.1;
				OTHER_LDFLAGS = (
					"-all_load",
					"-ObjC",
				);
				SDKROOT = iphoneos;
				TARGETED_DEVICE_FAMILY = "1,2";
			};
			name = Release;
		};
		FF5716FB1B2B035C008408D4 /* Debug */ = {
			isa = XCBuildConfiguration;
			buildSettings = {
				ALWAYS_SEARCH_USER_PATHS = NO;
				CLANG_CXX_LANGUAGE_STANDARD = "gnu++0x";
				CLANG_CXX_LIBRARY = "libc++";
				CLANG_ENABLE_MODULES = YES;
				CLANG_WARN_BOOL_CONVERSION = YES;
				CLANG_WARN_CONSTANT_CONVERSION = YES;
				CLANG_WARN_DIRECT_OBJC_ISA_USAGE = YES_ERROR;
				CLANG_WARN_EMPTY_BODY = YES;
				CLANG_WARN_ENUM_CONVERSION = YES;
				CLANG_WARN_INT_CONVERSION = YES;
				CLANG_WARN_OBJC_ROOT_CLASS = YES_ERROR;
				CLANG_WARN_UNREACHABLE_CODE = YES;
				CLANG_WARN__DUPLICATE_METHOD_MATCH = YES;
				COPY_PHASE_STRIP = NO;
				DEBUG_INFORMATION_FORMAT = "dwarf-with-dsym";
				ENABLE_STRICT_OBJC_MSGSEND = YES;
				FRAMEWORK_SEARCH_PATHS = (
					"$(SDKROOT)/Developer/Library/Frameworks",
					"$(inherited)",
				);
				GCC_C_LANGUAGE_STANDARD = gnu99;
				GCC_DYNAMIC_NO_PIC = NO;
				GCC_NO_COMMON_BLOCKS = YES;
				GCC_PREPROCESSOR_DEFINITIONS = (
					"DEBUG=1",
					"$(inherited)",
				);
				GCC_SYMBOLS_PRIVATE_EXTERN = NO;
				GCC_WARN_64_TO_32_BIT_CONVERSION = YES;
				GCC_WARN_ABOUT_RETURN_TYPE = YES_ERROR;
				GCC_WARN_UNDECLARED_SELECTOR = YES;
				GCC_WARN_UNINITIALIZED_AUTOS = YES_AGGRESSIVE;
				GCC_WARN_UNUSED_FUNCTION = YES;
				INFOPLIST_FILE = "Tests/Tests-Info.plist";
				IPHONEOS_DEPLOYMENT_TARGET = 8.3;
				LD_RUNPATH_SEARCH_PATHS = "$(inherited) @executable_path/Frameworks @loader_path/Frameworks";
				MTL_ENABLE_DEBUG_INFO = YES;
				ONLY_ACTIVE_ARCH = YES;
				PRODUCT_NAME = "$(TARGET_NAME)";
			};
			name = Debug;
		};
		FF5716FC1B2B035C008408D4 /* Release */ = {
			isa = XCBuildConfiguration;
			buildSettings = {
				ALWAYS_SEARCH_USER_PATHS = NO;
				CLANG_CXX_LANGUAGE_STANDARD = "gnu++0x";
				CLANG_CXX_LIBRARY = "libc++";
				CLANG_ENABLE_MODULES = YES;
				CLANG_WARN_BOOL_CONVERSION = YES;
				CLANG_WARN_CONSTANT_CONVERSION = YES;
				CLANG_WARN_DIRECT_OBJC_ISA_USAGE = YES_ERROR;
				CLANG_WARN_EMPTY_BODY = YES;
				CLANG_WARN_ENUM_CONVERSION = YES;
				CLANG_WARN_INT_CONVERSION = YES;
				CLANG_WARN_OBJC_ROOT_CLASS = YES_ERROR;
				CLANG_WARN_UNREACHABLE_CODE = YES;
				CLANG_WARN__DUPLICATE_METHOD_MATCH = YES;
				COPY_PHASE_STRIP = NO;
				DEBUG_INFORMATION_FORMAT = "dwarf-with-dsym";
				ENABLE_NS_ASSERTIONS = NO;
				ENABLE_STRICT_OBJC_MSGSEND = YES;
				FRAMEWORK_SEARCH_PATHS = (
					"$(SDKROOT)/Developer/Library/Frameworks",
					"$(inherited)",
				);
				GCC_C_LANGUAGE_STANDARD = gnu99;
				GCC_NO_COMMON_BLOCKS = YES;
				GCC_WARN_64_TO_32_BIT_CONVERSION = YES;
				GCC_WARN_ABOUT_RETURN_TYPE = YES_ERROR;
				GCC_WARN_UNDECLARED_SELECTOR = YES;
				GCC_WARN_UNINITIALIZED_AUTOS = YES_AGGRESSIVE;
				GCC_WARN_UNUSED_FUNCTION = YES;
				INFOPLIST_FILE = "Tests/Tests-Info.plist";
				IPHONEOS_DEPLOYMENT_TARGET = 8.3;
				LD_RUNPATH_SEARCH_PATHS = "$(inherited) @executable_path/Frameworks @loader_path/Frameworks";
				MTL_ENABLE_DEBUG_INFO = NO;
				PRODUCT_NAME = "$(TARGET_NAME)";
				VALIDATE_PRODUCT = YES;
			};
			name = Release;
		};
		FF84431C1B2B2CC6004797E5 /* Debug */ = {
			isa = XCBuildConfiguration;
			buildSettings = {
				ALWAYS_SEARCH_USER_PATHS = NO;
				ASSETCATALOG_COMPILER_APPICON_NAME = AppIcon;
				CLANG_CXX_LANGUAGE_STANDARD = "gnu++0x";
				CLANG_CXX_LIBRARY = "libc++";
				CLANG_ENABLE_MODULES = YES;
				CLANG_WARN_BOOL_CONVERSION = YES;
				CLANG_WARN_CONSTANT_CONVERSION = YES;
				CLANG_WARN_DIRECT_OBJC_ISA_USAGE = YES_ERROR;
				CLANG_WARN_EMPTY_BODY = YES;
				CLANG_WARN_ENUM_CONVERSION = YES;
				CLANG_WARN_INT_CONVERSION = YES;
				CLANG_WARN_OBJC_ROOT_CLASS = YES_ERROR;
				CLANG_WARN_UNREACHABLE_CODE = YES;
				CLANG_WARN__DUPLICATE_METHOD_MATCH = YES;
				"CODE_SIGN_IDENTITY[sdk=iphoneos*]" = "iPhone Developer";
				COPY_PHASE_STRIP = NO;
				DEBUG_INFORMATION_FORMAT = "dwarf-with-dsym";
				ENABLE_STRICT_OBJC_MSGSEND = YES;
				GCC_C_LANGUAGE_STANDARD = gnu99;
				GCC_DYNAMIC_NO_PIC = NO;
				GCC_NO_COMMON_BLOCKS = YES;
				GCC_PREPROCESSOR_DEFINITIONS = (
					"DEBUG=1",
					"$(inherited)",
				);
				GCC_SYMBOLS_PRIVATE_EXTERN = NO;
				GCC_WARN_64_TO_32_BIT_CONVERSION = YES;
				GCC_WARN_ABOUT_RETURN_TYPE = YES_ERROR;
				GCC_WARN_UNDECLARED_SELECTOR = YES;
				GCC_WARN_UNINITIALIZED_AUTOS = YES_AGGRESSIVE;
				GCC_WARN_UNUSED_FUNCTION = YES;
				INFOPLIST_FILE = "Example/Example-Info.plist";
				IPHONEOS_DEPLOYMENT_TARGET = 8.3;
				LD_RUNPATH_SEARCH_PATHS = "$(inherited) @executable_path/Frameworks";
				MTL_ENABLE_DEBUG_INFO = YES;
				ONLY_ACTIVE_ARCH = YES;
				PRODUCT_NAME = "$(TARGET_NAME)";
			};
			name = Debug;
		};
		FF84431D1B2B2CC6004797E5 /* Release */ = {
			isa = XCBuildConfiguration;
			buildSettings = {
				ALWAYS_SEARCH_USER_PATHS = NO;
				ASSETCATALOG_COMPILER_APPICON_NAME = AppIcon;
				CLANG_CXX_LANGUAGE_STANDARD = "gnu++0x";
				CLANG_CXX_LIBRARY = "libc++";
				CLANG_ENABLE_MODULES = YES;
				CLANG_WARN_BOOL_CONVERSION = YES;
				CLANG_WARN_CONSTANT_CONVERSION = YES;
				CLANG_WARN_DIRECT_OBJC_ISA_USAGE = YES_ERROR;
				CLANG_WARN_EMPTY_BODY = YES;
				CLANG_WARN_ENUM_CONVERSION = YES;
				CLANG_WARN_INT_CONVERSION = YES;
				CLANG_WARN_OBJC_ROOT_CLASS = YES_ERROR;
				CLANG_WARN_UNREACHABLE_CODE = YES;
				CLANG_WARN__DUPLICATE_METHOD_MATCH = YES;
				"CODE_SIGN_IDENTITY[sdk=iphoneos*]" = "iPhone Developer";
				COPY_PHASE_STRIP = NO;
				DEBUG_INFORMATION_FORMAT = "dwarf-with-dsym";
				ENABLE_NS_ASSERTIONS = NO;
				ENABLE_STRICT_OBJC_MSGSEND = YES;
				GCC_C_LANGUAGE_STANDARD = gnu99;
				GCC_NO_COMMON_BLOCKS = YES;
				GCC_WARN_64_TO_32_BIT_CONVERSION = YES;
				GCC_WARN_ABOUT_RETURN_TYPE = YES_ERROR;
				GCC_WARN_UNDECLARED_SELECTOR = YES;
				GCC_WARN_UNINITIALIZED_AUTOS = YES_AGGRESSIVE;
				GCC_WARN_UNUSED_FUNCTION = YES;
				INFOPLIST_FILE = "Example/Example-Info.plist";
				IPHONEOS_DEPLOYMENT_TARGET = 8.3;
				LD_RUNPATH_SEARCH_PATHS = "$(inherited) @executable_path/Frameworks";
				MTL_ENABLE_DEBUG_INFO = NO;
				PRODUCT_NAME = "$(TARGET_NAME)";
				VALIDATE_PRODUCT = YES;
			};
			name = Release;
		};
		FFDDA0BF1B2CD766003D9CEA /* Debug */ = {
			isa = XCBuildConfiguration;
			buildSettings = {
				ALWAYS_SEARCH_USER_PATHS = NO;
				CLANG_CXX_LANGUAGE_STANDARD = "gnu++0x";
				CLANG_CXX_LIBRARY = "libc++";
				CLANG_ENABLE_MODULES = YES;
				CLANG_WARN_BOOL_CONVERSION = YES;
				CLANG_WARN_CONSTANT_CONVERSION = YES;
				CLANG_WARN_DIRECT_OBJC_ISA_USAGE = YES_ERROR;
				CLANG_WARN_EMPTY_BODY = YES;
				CLANG_WARN_ENUM_CONVERSION = YES;
				CLANG_WARN_INT_CONVERSION = YES;
				CLANG_WARN_OBJC_ROOT_CLASS = YES_ERROR;
				CLANG_WARN_UNREACHABLE_CODE = YES;
				CLANG_WARN__DUPLICATE_METHOD_MATCH = YES;
				"CODE_SIGN_IDENTITY[sdk=iphoneos*]" = "iPhone Developer";
				COPY_PHASE_STRIP = NO;
				CURRENT_PROJECT_VERSION = 1;
				DEBUG_INFORMATION_FORMAT = "dwarf-with-dsym";
				DEFINES_MODULE = YES;
				DYLIB_COMPATIBILITY_VERSION = 2;
				DYLIB_CURRENT_VERSION = 2;
				DYLIB_INSTALL_NAME_BASE = "@rpath";
				ENABLE_STRICT_OBJC_MSGSEND = YES;
				GCC_C_LANGUAGE_STANDARD = gnu99;
				GCC_DYNAMIC_NO_PIC = NO;
				GCC_NO_COMMON_BLOCKS = YES;
				GCC_PREPROCESSOR_DEFINITIONS = (
					"DEBUG=1",
					"$(inherited)",
				);
				GCC_SYMBOLS_PRIVATE_EXTERN = NO;
				GCC_WARN_64_TO_32_BIT_CONVERSION = YES;
				GCC_WARN_ABOUT_RETURN_TYPE = YES_ERROR;
				GCC_WARN_UNDECLARED_SELECTOR = YES;
				GCC_WARN_UNINITIALIZED_AUTOS = YES_AGGRESSIVE;
				GCC_WARN_UNUSED_FUNCTION = YES;
				INFOPLIST_FILE = Info.plist;
				LD_RUNPATH_SEARCH_PATHS = "$(inherited) @executable_path/Frameworks @loader_path/Frameworks";
				MACH_O_TYPE = staticlib;
				MTL_ENABLE_DEBUG_INFO = YES;
				ONLY_ACTIVE_ARCH = YES;
				PRODUCT_NAME = "$(TARGET_NAME)";
				SKIP_INSTALL = YES;
				VERSIONING_SYSTEM = "apple-generic";
				VERSION_INFO_PREFIX = "";
			};
			name = Debug;
		};
		FFDDA0C01B2CD766003D9CEA /* Release */ = {
			isa = XCBuildConfiguration;
			buildSettings = {
				ALWAYS_SEARCH_USER_PATHS = NO;
				CLANG_CXX_LANGUAGE_STANDARD = "gnu++0x";
				CLANG_CXX_LIBRARY = "libc++";
				CLANG_ENABLE_MODULES = YES;
				CLANG_WARN_BOOL_CONVERSION = YES;
				CLANG_WARN_CONSTANT_CONVERSION = YES;
				CLANG_WARN_DIRECT_OBJC_ISA_USAGE = YES_ERROR;
				CLANG_WARN_EMPTY_BODY = YES;
				CLANG_WARN_ENUM_CONVERSION = YES;
				CLANG_WARN_INT_CONVERSION = YES;
				CLANG_WARN_OBJC_ROOT_CLASS = YES_ERROR;
				CLANG_WARN_UNREACHABLE_CODE = YES;
				CLANG_WARN__DUPLICATE_METHOD_MATCH = YES;
				"CODE_SIGN_IDENTITY[sdk=iphoneos*]" = "iPhone Developer";
				COPY_PHASE_STRIP = NO;
				CURRENT_PROJECT_VERSION = 1;
				DEBUG_INFORMATION_FORMAT = "dwarf-with-dsym";
				DEFINES_MODULE = YES;
				DYLIB_COMPATIBILITY_VERSION = 2;
				DYLIB_CURRENT_VERSION = 2;
				DYLIB_INSTALL_NAME_BASE = "@rpath";
				ENABLE_NS_ASSERTIONS = NO;
				ENABLE_STRICT_OBJC_MSGSEND = YES;
				GCC_C_LANGUAGE_STANDARD = gnu99;
				GCC_NO_COMMON_BLOCKS = YES;
				GCC_WARN_64_TO_32_BIT_CONVERSION = YES;
				GCC_WARN_ABOUT_RETURN_TYPE = YES_ERROR;
				GCC_WARN_UNDECLARED_SELECTOR = YES;
				GCC_WARN_UNINITIALIZED_AUTOS = YES_AGGRESSIVE;
				GCC_WARN_UNUSED_FUNCTION = YES;
				INFOPLIST_FILE = Info.plist;
				LD_RUNPATH_SEARCH_PATHS = "$(inherited) @executable_path/Frameworks @loader_path/Frameworks";
				MACH_O_TYPE = staticlib;
				MTL_ENABLE_DEBUG_INFO = NO;
				PRODUCT_NAME = "$(TARGET_NAME)";
				SKIP_INSTALL = YES;
				VALIDATE_PRODUCT = YES;
				VERSIONING_SYSTEM = "apple-generic";
				VERSION_INFO_PREFIX = "";
			};
			name = Release;
		};
		FFDDA0C81B2CD9DE003D9CEA /* Debug */ = {
			isa = XCBuildConfiguration;
			buildSettings = {
				PRODUCT_NAME = "$(TARGET_NAME)";
			};
			name = Debug;
		};
		FFDDA0C91B2CD9DE003D9CEA /* Release */ = {
			isa = XCBuildConfiguration;
			buildSettings = {
				PRODUCT_NAME = "$(TARGET_NAME)";
			};
			name = Release;
		};
/* End XCBuildConfiguration section */

/* Begin XCConfigurationList section */
		1DEB922208733DC00010E9CD /* Build configuration list for PBXProject "IQWidgets" */ = {
			isa = XCConfigurationList;
			buildConfigurations = (
				1DEB922308733DC00010E9CD /* Debug */,
				1DEB922408733DC00010E9CD /* Release */,
			);
			defaultConfigurationIsVisible = 0;
			defaultConfigurationName = Release;
		};
		FF5716FA1B2B035C008408D4 /* Build configuration list for PBXNativeTarget "IQWidgets Tests" */ = {
			isa = XCConfigurationList;
			buildConfigurations = (
				FF5716FB1B2B035C008408D4 /* Debug */,
				FF5716FC1B2B035C008408D4 /* Release */,
			);
			defaultConfigurationIsVisible = 0;
			defaultConfigurationName = Release;
		};
		FF84431B1B2B2CC6004797E5 /* Build configuration list for PBXNativeTarget "IQWidgetsExample" */ = {
			isa = XCConfigurationList;
			buildConfigurations = (
				FF84431C1B2B2CC6004797E5 /* Debug */,
				FF84431D1B2B2CC6004797E5 /* Release */,
			);
			defaultConfigurationIsVisible = 0;
			defaultConfigurationName = Release;
		};
		FFDDA0BE1B2CD766003D9CEA /* Build configuration list for PBXNativeTarget "IQWidgets" */ = {
			isa = XCConfigurationList;
			buildConfigurations = (
				FFDDA0BF1B2CD766003D9CEA /* Debug */,
				FFDDA0C01B2CD766003D9CEA /* Release */,
			);
			defaultConfigurationIsVisible = 0;
			defaultConfigurationName = Release;
		};
		FFDDA0C71B2CD9DE003D9CEA /* Build configuration list for PBXAggregateTarget "IQWidgets - Universal" */ = {
			isa = XCConfigurationList;
			buildConfigurations = (
				FFDDA0C81B2CD9DE003D9CEA /* Debug */,
				FFDDA0C91B2CD9DE003D9CEA /* Release */,
			);
			defaultConfigurationIsVisible = 0;
			defaultConfigurationName = Release;
		};
/* End XCConfigurationList section */
	};
	rootObject = 0867D690FE84028FC02AAC07 /* Project object */;
}
