// !$*UTF8*$!
{
	archiveVersion = 1;
	classes = {
	};
	objectVersion = 45;
	objects = {

/* Begin PBXBuildFile section */
		FF10E1C6133B8AE800783849 /* IQCalendarHeaderView.h in Headers */ = {isa = PBXBuildFile; fileRef = FF10E1C4133B8AE800783849 /* IQCalendarHeaderView.h */; settings = {ATTRIBUTES = (Public, ); }; };
		FF10E1C7133B8AE800783849 /* IQCalendarHeaderView.m in Sources */ = {isa = PBXBuildFile; fileRef = FF10E1C5133B8AE800783849 /* IQCalendarHeaderView.m */; };
		FF138B97132D5078009C01D2 /* IQGanttView.h in Headers */ = {isa = PBXBuildFile; fileRef = FF138B95132D5078009C01D2 /* IQGanttView.h */; settings = {ATTRIBUTES = (Public, ); }; };
		FF138B98132D5078009C01D2 /* IQGanttView.m in Sources */ = {isa = PBXBuildFile; fileRef = FF138B96132D5078009C01D2 /* IQGanttView.m */; };
		FF24AF271327A0F300BE3723 /* CoreGraphics.framework in Frameworks */ = {isa = PBXBuildFile; fileRef = FF24AF261327A0F300BE3723 /* CoreGraphics.framework */; };
		FF3C054912E65A2A00CFB524 /* IQDrilldownController.h in Headers */ = {isa = PBXBuildFile; fileRef = FF3C054712E65A2A00CFB524 /* IQDrilldownController.h */; settings = {ATTRIBUTES = (Public, ); }; };
		FF3C054A12E65A2A00CFB524 /* IQDrilldownController.m in Sources */ = {isa = PBXBuildFile; fileRef = FF3C054812E65A2A00CFB524 /* IQDrilldownController.m */; };
		FF4553D112BAC48000B26A30 /* MapKit.framework in Frameworks */ = {isa = PBXBuildFile; fileRef = FF4553D012BAC48000B26A30 /* MapKit.framework */; };
		FF4553D812BAC48E00B26A30 /* CoreLocation.framework in Frameworks */ = {isa = PBXBuildFile; fileRef = FF4553D712BAC48E00B26A30 /* CoreLocation.framework */; };
		FF540ADB12A95ECA00C2C7A5 /* libIQWidgets.a in Frameworks */ = {isa = PBXBuildFile; fileRef = D2AAC07E0554694100DB518D /* libIQWidgets.a */; };
		FF540AEF12A95EF400C2C7A5 /* ExampleApp.m in Sources */ = {isa = PBXBuildFile; fileRef = FF540AEE12A95EF400C2C7A5 /* ExampleApp.m */; };
		FF540AF512A95F1D00C2C7A5 /* UIKit.framework in Frameworks */ = {isa = PBXBuildFile; fileRef = FF540AF412A95F1D00C2C7A5 /* UIKit.framework */; };
		FF540B0312A95F8500C2C7A5 /* ExampleApp.xib in Resources */ = {isa = PBXBuildFile; fileRef = FF540B0212A95F8500C2C7A5 /* ExampleApp.xib */; };
		FF540D6912A9913F00C2C7A5 /* QuartzCore.framework in Frameworks */ = {isa = PBXBuildFile; fileRef = FF540D6812A9913F00C2C7A5 /* QuartzCore.framework */; };
		FF5E3C421354E6A90067ADEF /* IQViewTessellation.h in Headers */ = {isa = PBXBuildFile; fileRef = FF5E3C401354E6A80067ADEF /* IQViewTessellation.h */; };
		FF5E3C431354E6A90067ADEF /* IQViewTessellation.m in Sources */ = {isa = PBXBuildFile; fileRef = FF5E3C411354E6A80067ADEF /* IQViewTessellation.m */; };
		FF60485E133CD49500BB74F6 /* QuartzCore.framework in Frameworks */ = {isa = PBXBuildFile; fileRef = FF60485D133CD49500BB74F6 /* QuartzCore.framework */; };
		FF86DC56136CA25A0077805F /* OpenGLES.framework in Frameworks */ = {isa = PBXBuildFile; fileRef = FF86DC55136CA25A0077805F /* OpenGLES.framework */; };
		FF8C31E0130AFB7800A10CF0 /* IQScheduleView.h in Headers */ = {isa = PBXBuildFile; fileRef = FF8C31DE130AFB7600A10CF0 /* IQScheduleView.h */; settings = {ATTRIBUTES = (Public, ); }; };
		FF8C31E1130AFB7800A10CF0 /* IQScheduleView.m in Sources */ = {isa = PBXBuildFile; fileRef = FF8C31DF130AFB7600A10CF0 /* IQScheduleView.m */; };
		FF8C31E4130AFBDB00A10CF0 /* IQCalendarView.h in Headers */ = {isa = PBXBuildFile; fileRef = FF8C31E2130AFBD800A10CF0 /* IQCalendarView.h */; settings = {ATTRIBUTES = (Public, ); }; };
		FF8C31E5130AFBDB00A10CF0 /* IQCalendarView.m in Sources */ = {isa = PBXBuildFile; fileRef = FF8C31E3130AFBD800A10CF0 /* IQCalendarView.m */; };
		FF8C31F9130B111400A10CF0 /* CalendarTests.h in Headers */ = {isa = PBXBuildFile; fileRef = FF8C31F7130B111400A10CF0 /* CalendarTests.h */; settings = {ATTRIBUTES = (); }; };
		FF8C3211130B136E00A10CF0 /* UIKit.framework in Frameworks */ = {isa = PBXBuildFile; fileRef = FF540AF412A95F1D00C2C7A5 /* UIKit.framework */; };
		FF8C3212130B136E00A10CF0 /* Foundation.framework in Frameworks */ = {isa = PBXBuildFile; fileRef = AACBBE490F95108600F1A2B1 /* Foundation.framework */; };
		FF8C3214130B136E00A10CF0 /* CoreGraphics.framework in Frameworks */ = {isa = PBXBuildFile; fileRef = FF8C3213130B136E00A10CF0 /* CoreGraphics.framework */; };
		FF8C3226130B138800A10CF0 /* CalendarTests.m in Sources */ = {isa = PBXBuildFile; fileRef = FF8C31F8130B111400A10CF0 /* CalendarTests.m */; };
		FF8C3227130B150B00A10CF0 /* libIQWidgets.a in Frameworks */ = {isa = PBXBuildFile; fileRef = D2AAC07E0554694100DB518D /* libIQWidgets.a */; };
		FFA26831132E895B007B7FBD /* IQScrollView.h in Headers */ = {isa = PBXBuildFile; fileRef = FFA2682F132E895A007B7FBD /* IQScrollView.h */; settings = {ATTRIBUTES = (Public, ); }; };
		FFA26832132E895B007B7FBD /* IQScrollView.m in Sources */ = {isa = PBXBuildFile; fileRef = FFA26830132E895A007B7FBD /* IQScrollView.m */; };
		FFA26835132E8F29007B7FBD /* test.png in Resources */ = {isa = PBXBuildFile; fileRef = FFA26834132E8F23007B7FBD /* test.png */; };
		FFC9646A1327DB4200B2EBA6 /* IQCalendarDataSource.h in Headers */ = {isa = PBXBuildFile; fileRef = FFC964681327DB4200B2EBA6 /* IQCalendarDataSource.h */; settings = {ATTRIBUTES = (Public, ); }; };
		FFC9646B1327DB4200B2EBA6 /* IQCalendarDataSource.m in Sources */ = {isa = PBXBuildFile; fileRef = FFC964691327DB4200B2EBA6 /* IQCalendarDataSource.m */; };
		FFD6CF36130C69D20040F26E /* ScheduleTests.h in Headers */ = {isa = PBXBuildFile; fileRef = FFD6CF34130C69D10040F26E /* ScheduleTests.h */; settings = {ATTRIBUTES = (); }; };
		FFD6CF38130C816A0040F26E /* ScheduleTests.m in Sources */ = {isa = PBXBuildFile; fileRef = FFD6CF35130C69D10040F26E /* ScheduleTests.m */; };
		FFD6CF3A130C828B0040F26E /* TestUtil.h in Headers */ = {isa = PBXBuildFile; fileRef = FFD6CF39130C828B0040F26E /* TestUtil.h */; settings = {ATTRIBUTES = (); }; };
		FFDEA941137B1CFA00A94388 /* IQViewTransition.h in Headers */ = {isa = PBXBuildFile; fileRef = FFDEA93F137B1CFA00A94388 /* IQViewTransition.h */; };
		FFDEA942137B1CFA00A94388 /* IQViewTransition.m in Sources */ = {isa = PBXBuildFile; fileRef = FFDEA940137B1CFA00A94388 /* IQViewTransition.m */; };
		FFEEF05412BACC59003CA394 /* IQWidgets.h in Headers */ = {isa = PBXBuildFile; fileRef = FF540B3712A960B800C2C7A5 /* IQWidgets.h */; settings = {ATTRIBUTES = (Public, ); }; };
/* End PBXBuildFile section */

/* Begin PBXContainerItemProxy section */
		FF540AD912A95EC700C2C7A5 /* PBXContainerItemProxy */ = {
			isa = PBXContainerItemProxy;
			containerPortal = 0867D690FE84028FC02AAC07 /* Project object */;
			proxyType = 1;
			remoteGlobalIDString = D2AAC07D0554694100DB518D;
			remoteInfo = IQTiledScrollView;
		};
		FF8C3228130B150F00A10CF0 /* PBXContainerItemProxy */ = {
			isa = PBXContainerItemProxy;
			containerPortal = 0867D690FE84028FC02AAC07 /* Project object */;
			proxyType = 1;
			remoteGlobalIDString = D2AAC07D0554694100DB518D;
			remoteInfo = IQWidgets;
		};
/* End PBXContainerItemProxy section */

/* Begin PBXFileReference section */
		AACBBE490F95108600F1A2B1 /* Foundation.framework */ = {isa = PBXFileReference; lastKnownFileType = wrapper.framework; name = Foundation.framework; path = System/Library/Frameworks/Foundation.framework; sourceTree = SDKROOT; };
		D2AAC07E0554694100DB518D /* libIQWidgets.a */ = {isa = PBXFileReference; explicitFileType = archive.ar; includeInIndex = 0; path = libIQWidgets.a; sourceTree = BUILT_PRODUCTS_DIR; };
		FF10E1C4133B8AE800783849 /* IQCalendarHeaderView.h */ = {isa = PBXFileReference; fileEncoding = 4; lastKnownFileType = sourcecode.c.h; path = IQCalendarHeaderView.h; sourceTree = "<group>"; };
		FF10E1C5133B8AE800783849 /* IQCalendarHeaderView.m */ = {isa = PBXFileReference; fileEncoding = 4; lastKnownFileType = sourcecode.c.objc; path = IQCalendarHeaderView.m; sourceTree = "<group>"; };
		FF138B95132D5078009C01D2 /* IQGanttView.h */ = {isa = PBXFileReference; fileEncoding = 4; lastKnownFileType = sourcecode.c.h; path = IQGanttView.h; sourceTree = "<group>"; };
		FF138B96132D5078009C01D2 /* IQGanttView.m */ = {isa = PBXFileReference; fileEncoding = 4; lastKnownFileType = sourcecode.c.objc; path = IQGanttView.m; sourceTree = "<group>"; };
		FF24AF261327A0F300BE3723 /* CoreGraphics.framework */ = {isa = PBXFileReference; lastKnownFileType = wrapper.framework; name = CoreGraphics.framework; path = System/Library/Frameworks/CoreGraphics.framework; sourceTree = SDKROOT; };
		FF3C054712E65A2A00CFB524 /* IQDrilldownController.h */ = {isa = PBXFileReference; fileEncoding = 4; lastKnownFileType = sourcecode.c.h; path = IQDrilldownController.h; sourceTree = "<group>"; };
		FF3C054812E65A2A00CFB524 /* IQDrilldownController.m */ = {isa = PBXFileReference; fileEncoding = 4; lastKnownFileType = sourcecode.c.objc; path = IQDrilldownController.m; sourceTree = "<group>"; };
		FF4553D012BAC48000B26A30 /* MapKit.framework */ = {isa = PBXFileReference; lastKnownFileType = wrapper.framework; name = MapKit.framework; path = System/Library/Frameworks/MapKit.framework; sourceTree = SDKROOT; };
		FF4553D712BAC48E00B26A30 /* CoreLocation.framework */ = {isa = PBXFileReference; lastKnownFileType = wrapper.framework; name = CoreLocation.framework; path = System/Library/Frameworks/CoreLocation.framework; sourceTree = SDKROOT; };
		FF540AD312A95EC200C2C7A5 /* IQTSVExample.app */ = {isa = PBXFileReference; explicitFileType = wrapper.application; includeInIndex = 0; path = IQTSVExample.app; sourceTree = BUILT_PRODUCTS_DIR; };
		FF540AED12A95EF400C2C7A5 /* ExampleApp.h */ = {isa = PBXFileReference; fileEncoding = 4; lastKnownFileType = sourcecode.c.h; name = ExampleApp.h; path = Example/ExampleApp.h; sourceTree = "<group>"; };
		FF540AEE12A95EF400C2C7A5 /* ExampleApp.m */ = {isa = PBXFileReference; fileEncoding = 4; lastKnownFileType = sourcecode.c.objc; name = ExampleApp.m; path = Example/ExampleApp.m; sourceTree = "<group>"; };
		FF540AF412A95F1D00C2C7A5 /* UIKit.framework */ = {isa = PBXFileReference; lastKnownFileType = wrapper.framework; name = UIKit.framework; path = System/Library/Frameworks/UIKit.framework; sourceTree = SDKROOT; };
		FF540B0212A95F8500C2C7A5 /* ExampleApp.xib */ = {isa = PBXFileReference; lastKnownFileType = file.xib; name = ExampleApp.xib; path = Example/ExampleApp.xib; sourceTree = "<group>"; };
		FF540B0D12A95FB200C2C7A5 /* Example-Info.plist */ = {isa = PBXFileReference; fileEncoding = 4; lastKnownFileType = text.plist.xml; name = "Example-Info.plist"; path = "Example/Example-Info.plist"; sourceTree = "<group>"; };
		FF540B3712A960B800C2C7A5 /* IQWidgets.h */ = {isa = PBXFileReference; fileEncoding = 4; lastKnownFileType = sourcecode.c.h; path = IQWidgets.h; sourceTree = "<group>"; };
		FF540D6812A9913F00C2C7A5 /* QuartzCore.framework */ = {isa = PBXFileReference; lastKnownFileType = wrapper.framework; name = QuartzCore.framework; path = System/Library/Frameworks/QuartzCore.framework; sourceTree = SDKROOT; };
		FF5E3C401354E6A80067ADEF /* IQViewTessellation.h */ = {isa = PBXFileReference; fileEncoding = 4; lastKnownFileType = sourcecode.c.h; path = IQViewTessellation.h; sourceTree = "<group>"; };
		FF5E3C411354E6A80067ADEF /* IQViewTessellation.m */ = {isa = PBXFileReference; fileEncoding = 4; lastKnownFileType = sourcecode.c.objc; path = IQViewTessellation.m; sourceTree = "<group>"; };
		FF60485D133CD49500BB74F6 /* QuartzCore.framework */ = {isa = PBXFileReference; lastKnownFileType = wrapper.framework; name = QuartzCore.framework; path = System/Library/Frameworks/QuartzCore.framework; sourceTree = SDKROOT; };
		FF86DC55136CA25A0077805F /* OpenGLES.framework */ = {isa = PBXFileReference; lastKnownFileType = wrapper.framework; name = OpenGLES.framework; path = System/Library/Frameworks/OpenGLES.framework; sourceTree = SDKROOT; };
		FF8C31DE130AFB7600A10CF0 /* IQScheduleView.h */ = {isa = PBXFileReference; fileEncoding = 4; lastKnownFileType = sourcecode.c.h; path = IQScheduleView.h; sourceTree = "<group>"; };
		FF8C31DF130AFB7600A10CF0 /* IQScheduleView.m */ = {isa = PBXFileReference; fileEncoding = 4; lastKnownFileType = sourcecode.c.objc; path = IQScheduleView.m; sourceTree = "<group>"; };
		FF8C31E2130AFBD800A10CF0 /* IQCalendarView.h */ = {isa = PBXFileReference; fileEncoding = 4; lastKnownFileType = sourcecode.c.h; path = IQCalendarView.h; sourceTree = "<group>"; };
		FF8C31E3130AFBD800A10CF0 /* IQCalendarView.m */ = {isa = PBXFileReference; fileEncoding = 4; lastKnownFileType = sourcecode.c.objc; path = IQCalendarView.m; sourceTree = "<group>"; };
		FF8C31F7130B111400A10CF0 /* CalendarTests.h */ = {isa = PBXFileReference; fileEncoding = 4; lastKnownFileType = sourcecode.c.h; name = CalendarTests.h; path = Tests/CalendarTests.h; sourceTree = "<group>"; };
		FF8C31F8130B111400A10CF0 /* CalendarTests.m */ = {isa = PBXFileReference; fileEncoding = 4; lastKnownFileType = sourcecode.c.objc; name = CalendarTests.m; path = Tests/CalendarTests.m; sourceTree = "<group>"; };
		FF8C3210130B136D00A10CF0 /* BasicTests.octest */ = {isa = PBXFileReference; explicitFileType = wrapper.cfbundle; includeInIndex = 0; path = BasicTests.octest; sourceTree = BUILT_PRODUCTS_DIR; };
		FF8C3213130B136E00A10CF0 /* CoreGraphics.framework */ = {isa = PBXFileReference; lastKnownFileType = wrapper.framework; name = CoreGraphics.framework; path = System/Library/Frameworks/CoreGraphics.framework; sourceTree = SDKROOT; };
		FF8C322C130B175700A10CF0 /* Tests-Info.plist */ = {isa = PBXFileReference; fileEncoding = 4; lastKnownFileType = text.plist.xml; name = "Tests-Info.plist"; path = "Tests/Tests-Info.plist"; sourceTree = "<group>"; };
		FFA2682F132E895A007B7FBD /* IQScrollView.h */ = {isa = PBXFileReference; fileEncoding = 4; lastKnownFileType = sourcecode.c.h; path = IQScrollView.h; sourceTree = "<group>"; };
		FFA26830132E895A007B7FBD /* IQScrollView.m */ = {isa = PBXFileReference; fileEncoding = 4; lastKnownFileType = sourcecode.c.objc; path = IQScrollView.m; sourceTree = "<group>"; };
		FFA26834132E8F23007B7FBD /* test.png */ = {isa = PBXFileReference; lastKnownFileType = image.png; name = test.png; path = Example/test.png; sourceTree = "<group>"; };
		FFC964681327DB4200B2EBA6 /* IQCalendarDataSource.h */ = {isa = PBXFileReference; fileEncoding = 4; lastKnownFileType = sourcecode.c.h; path = IQCalendarDataSource.h; sourceTree = "<group>"; };
		FFC964691327DB4200B2EBA6 /* IQCalendarDataSource.m */ = {isa = PBXFileReference; fileEncoding = 4; lastKnownFileType = sourcecode.c.objc; path = IQCalendarDataSource.m; sourceTree = "<group>"; };
		FFD6CF34130C69D10040F26E /* ScheduleTests.h */ = {isa = PBXFileReference; fileEncoding = 4; lastKnownFileType = sourcecode.c.h; name = ScheduleTests.h; path = Tests/ScheduleTests.h; sourceTree = "<group>"; };
		FFD6CF35130C69D10040F26E /* ScheduleTests.m */ = {isa = PBXFileReference; fileEncoding = 4; lastKnownFileType = sourcecode.c.objc; name = ScheduleTests.m; path = Tests/ScheduleTests.m; sourceTree = "<group>"; };
		FFD6CF39130C828B0040F26E /* TestUtil.h */ = {isa = PBXFileReference; fileEncoding = 4; lastKnownFileType = sourcecode.c.h; name = TestUtil.h; path = Tests/TestUtil.h; sourceTree = "<group>"; };
		FFDEA93F137B1CFA00A94388 /* IQViewTransition.h */ = {isa = PBXFileReference; fileEncoding = 4; lastKnownFileType = sourcecode.c.h; path = IQViewTransition.h; sourceTree = "<group>"; };
		FFDEA940137B1CFA00A94388 /* IQViewTransition.m */ = {isa = PBXFileReference; fileEncoding = 4; lastKnownFileType = sourcecode.c.objc; path = IQViewTransition.m; sourceTree = "<group>"; };
/* End PBXFileReference section */

/* Begin PBXFrameworksBuildPhase section */
		FF540AD112A95EC200C2C7A5 /* Frameworks */ = {
			isa = PBXFrameworksBuildPhase;
			buildActionMask = 2147483647;
			files = (
				FF86DC56136CA25A0077805F /* OpenGLES.framework in Frameworks */,
				FF24AF271327A0F300BE3723 /* CoreGraphics.framework in Frameworks */,
				FF540ADB12A95ECA00C2C7A5 /* libIQWidgets.a in Frameworks */,
				FF540AF512A95F1D00C2C7A5 /* UIKit.framework in Frameworks */,
				FF540D6912A9913F00C2C7A5 /* QuartzCore.framework in Frameworks */,
				FF4553D112BAC48000B26A30 /* MapKit.framework in Frameworks */,
				FF4553D812BAC48E00B26A30 /* CoreLocation.framework in Frameworks */,
			);
			runOnlyForDeploymentPostprocessing = 0;
		};
		FF8C320C130B136D00A10CF0 /* Frameworks */ = {
			isa = PBXFrameworksBuildPhase;
			buildActionMask = 2147483647;
			files = (
				FF60485E133CD49500BB74F6 /* QuartzCore.framework in Frameworks */,
				FF8C3227130B150B00A10CF0 /* libIQWidgets.a in Frameworks */,
				FF8C3211130B136E00A10CF0 /* UIKit.framework in Frameworks */,
				FF8C3212130B136E00A10CF0 /* Foundation.framework in Frameworks */,
				FF8C3214130B136E00A10CF0 /* CoreGraphics.framework in Frameworks */,
			);
			runOnlyForDeploymentPostprocessing = 0;
		};
/* End PBXFrameworksBuildPhase section */

/* Begin PBXGroup section */
		034768DFFF38A50411DB9C8B /* Products */ = {
			isa = PBXGroup;
			children = (
				FF540AD312A95EC200C2C7A5 /* IQTSVExample.app */,
				FF8C3210130B136D00A10CF0 /* BasicTests.octest */,
				D2AAC07E0554694100DB518D /* libIQWidgets.a */,
			);
			name = Products;
			sourceTree = "<group>";
		};
		0867D691FE84028FC02AAC07 /* IQTiledScrollView */ = {
			isa = PBXGroup;
			children = (
				FF86DC55136CA25A0077805F /* OpenGLES.framework */,
				FF60485D133CD49500BB74F6 /* QuartzCore.framework */,
				FF24AF261327A0F300BE3723 /* CoreGraphics.framework */,
				FF540AEC12A95EDB00C2C7A5 /* Example */,
				FF8C31F6130B10FB00A10CF0 /* Tests */,
				08FB77AEFE84172EC02AAC07 /* Source */,
				0867D69AFE84028FC02AAC07 /* Frameworks */,
				034768DFFF38A50411DB9C8B /* Products */,
			);
			name = IQTiledScrollView;
			sourceTree = "<group>";
		};
		0867D69AFE84028FC02AAC07 /* Frameworks */ = {
			isa = PBXGroup;
			children = (
				FF540AF412A95F1D00C2C7A5 /* UIKit.framework */,
				FF540D6812A9913F00C2C7A5 /* QuartzCore.framework */,
				FF4553D012BAC48000B26A30 /* MapKit.framework */,
				FF4553D712BAC48E00B26A30 /* CoreLocation.framework */,
				AACBBE490F95108600F1A2B1 /* Foundation.framework */,
				FF8C3213130B136E00A10CF0 /* CoreGraphics.framework */,
			);
			name = Frameworks;
			sourceTree = "<group>";
		};
		08FB77AEFE84172EC02AAC07 /* Source */ = {
			isa = PBXGroup;
			children = (
				FF540B3712A960B800C2C7A5 /* IQWidgets.h */,
				FF3C054712E65A2A00CFB524 /* IQDrilldownController.h */,
				FF3C054812E65A2A00CFB524 /* IQDrilldownController.m */,
				FF8C31DE130AFB7600A10CF0 /* IQScheduleView.h */,
				FF8C31DF130AFB7600A10CF0 /* IQScheduleView.m */,
				FF8C31E2130AFBD800A10CF0 /* IQCalendarView.h */,
				FF8C31E3130AFBD800A10CF0 /* IQCalendarView.m */,
				FF10E1C4133B8AE800783849 /* IQCalendarHeaderView.h */,
				FF10E1C5133B8AE800783849 /* IQCalendarHeaderView.m */,
				FFC964681327DB4200B2EBA6 /* IQCalendarDataSource.h */,
				FFC964691327DB4200B2EBA6 /* IQCalendarDataSource.m */,
				FF138B95132D5078009C01D2 /* IQGanttView.h */,
				FF138B96132D5078009C01D2 /* IQGanttView.m */,
				FFA2682F132E895A007B7FBD /* IQScrollView.h */,
				FFA26830132E895A007B7FBD /* IQScrollView.m */,
				FF5E3C401354E6A80067ADEF /* IQViewTessellation.h */,
				FF5E3C411354E6A80067ADEF /* IQViewTessellation.m */,
				FFDEA93F137B1CFA00A94388 /* IQViewTransition.h */,
				FFDEA940137B1CFA00A94388 /* IQViewTransition.m */,
			);
			name = Source;
			sourceTree = "<group>";
		};
		FF540AEC12A95EDB00C2C7A5 /* Example */ = {
			isa = PBXGroup;
			children = (
				FFA26834132E8F23007B7FBD /* test.png */,
				FF540AED12A95EF400C2C7A5 /* ExampleApp.h */,
				FF540AEE12A95EF400C2C7A5 /* ExampleApp.m */,
				FF540B0212A95F8500C2C7A5 /* ExampleApp.xib */,
				FF540B0D12A95FB200C2C7A5 /* Example-Info.plist */,
			);
			name = Example;
			sourceTree = "<group>";
		};
		FF8C31F6130B10FB00A10CF0 /* Tests */ = {
			isa = PBXGroup;
			children = (
				FF8C322C130B175700A10CF0 /* Tests-Info.plist */,
				FF8C31F7130B111400A10CF0 /* CalendarTests.h */,
				FF8C31F8130B111400A10CF0 /* CalendarTests.m */,
				FFD6CF34130C69D10040F26E /* ScheduleTests.h */,
				FFD6CF35130C69D10040F26E /* ScheduleTests.m */,
				FFD6CF39130C828B0040F26E /* TestUtil.h */,
			);
			name = Tests;
			sourceTree = "<group>";
		};
/* End PBXGroup section */

/* Begin PBXHeadersBuildPhase section */
		D2AAC07A0554694100DB518D /* Headers */ = {
			isa = PBXHeadersBuildPhase;
			buildActionMask = 2147483647;
			files = (
				FFEEF05412BACC59003CA394 /* IQWidgets.h in Headers */,
				FF3C054912E65A2A00CFB524 /* IQDrilldownController.h in Headers */,
				FF8C31E0130AFB7800A10CF0 /* IQScheduleView.h in Headers */,
				FF8C31E4130AFBDB00A10CF0 /* IQCalendarView.h in Headers */,
				FFC9646A1327DB4200B2EBA6 /* IQCalendarDataSource.h in Headers */,
				FF138B97132D5078009C01D2 /* IQGanttView.h in Headers */,
				FFA26831132E895B007B7FBD /* IQScrollView.h in Headers */,
				FF10E1C6133B8AE800783849 /* IQCalendarHeaderView.h in Headers */,
				FF8C31F9130B111400A10CF0 /* CalendarTests.h in Headers */,
				FFD6CF36130C69D20040F26E /* ScheduleTests.h in Headers */,
				FFD6CF3A130C828B0040F26E /* TestUtil.h in Headers */,
				FF5E3C421354E6A90067ADEF /* IQViewTessellation.h in Headers */,
				FFDEA941137B1CFA00A94388 /* IQViewTransition.h in Headers */,
			);
			runOnlyForDeploymentPostprocessing = 0;
		};
/* End PBXHeadersBuildPhase section */

/* Begin PBXNativeTarget section */
		D2AAC07D0554694100DB518D /* IQWidgets */ = {
			isa = PBXNativeTarget;
			buildConfigurationList = 1DEB921E08733DC00010E9CD /* Build configuration list for PBXNativeTarget "IQWidgets" */;
			buildPhases = (
				D2AAC07A0554694100DB518D /* Headers */,
				D2AAC07B0554694100DB518D /* Sources */,
			);
			buildRules = (
			);
			dependencies = (
			);
			name = IQWidgets;
			productName = IQTiledScrollView;
			productReference = D2AAC07E0554694100DB518D /* libIQWidgets.a */;
			productType = "com.apple.product-type.library.static";
		};
		FF540AD212A95EC200C2C7A5 /* IQWidgetsExample */ = {
			isa = PBXNativeTarget;
			buildConfigurationList = FF540AD812A95EC300C2C7A5 /* Build configuration list for PBXNativeTarget "IQWidgetsExample" */;
			buildPhases = (
				FF540ACF12A95EC200C2C7A5 /* Resources */,
				FF540AD012A95EC200C2C7A5 /* Sources */,
				FF540AD112A95EC200C2C7A5 /* Frameworks */,
			);
			buildRules = (
			);
			dependencies = (
				FF540ADA12A95EC700C2C7A5 /* PBXTargetDependency */,
			);
			name = IQWidgetsExample;
			productName = IQTSVExample;
			productReference = FF540AD312A95EC200C2C7A5 /* IQTSVExample.app */;
			productType = "com.apple.product-type.application";
		};
		FF8C320F130B136D00A10CF0 /* BasicTests */ = {
			isa = PBXNativeTarget;
			buildConfigurationList = FF8C3220130B136E00A10CF0 /* Build configuration list for PBXNativeTarget "BasicTests" */;
			buildPhases = (
				FF8C320B130B136D00A10CF0 /* Sources */,
				FF8C320C130B136D00A10CF0 /* Frameworks */,
				FF8C320D130B136D00A10CF0 /* Resources */,
				FF8C320E130B136D00A10CF0 /* ShellScript */,
			);
			buildRules = (
			);
			dependencies = (
				FF8C3229130B150F00A10CF0 /* PBXTargetDependency */,
			);
			name = BasicTests;
			productName = BasicTests;
			productReference = FF8C3210130B136D00A10CF0 /* BasicTests.octest */;
			productType = "com.apple.product-type.bundle";
		};
/* End PBXNativeTarget section */

/* Begin PBXProject section */
		0867D690FE84028FC02AAC07 /* Project object */ = {
			isa = PBXProject;
			buildConfigurationList = 1DEB922208733DC00010E9CD /* Build configuration list for PBXProject "IQWidgets" */;
			compatibilityVersion = "Xcode 3.1";
			developmentRegion = English;
			hasScannedForEncodings = 1;
			knownRegions = (
				English,
				Japanese,
				French,
				German,
				en,
			);
			mainGroup = 0867D691FE84028FC02AAC07 /* IQTiledScrollView */;
			productRefGroup = 034768DFFF38A50411DB9C8B /* Products */;
			projectDirPath = "";
			projectRoot = "";
			targets = (
				D2AAC07D0554694100DB518D /* IQWidgets */,
				FF540AD212A95EC200C2C7A5 /* IQWidgetsExample */,
				FF8C320F130B136D00A10CF0 /* BasicTests */,
			);
		};
/* End PBXProject section */

/* Begin PBXResourcesBuildPhase section */
		FF540ACF12A95EC200C2C7A5 /* Resources */ = {
			isa = PBXResourcesBuildPhase;
			buildActionMask = 2147483647;
			files = (
				FF540B0312A95F8500C2C7A5 /* ExampleApp.xib in Resources */,
				FFA26835132E8F29007B7FBD /* test.png in Resources */,
			);
			runOnlyForDeploymentPostprocessing = 0;
		};
		FF8C320D130B136D00A10CF0 /* Resources */ = {
			isa = PBXResourcesBuildPhase;
			buildActionMask = 2147483647;
			files = (
			);
			runOnlyForDeploymentPostprocessing = 0;
		};
/* End PBXResourcesBuildPhase section */

/* Begin PBXShellScriptBuildPhase section */
		FF8C320E130B136D00A10CF0 /* ShellScript */ = {
			isa = PBXShellScriptBuildPhase;
			buildActionMask = 2147483647;
			files = (
			);
			inputPaths = (
			);
			outputPaths = (
			);
			runOnlyForDeploymentPostprocessing = 0;
			shellPath = /bin/sh;
			shellScript = "# Run the unit tests in this test bundle.\n\"${SYSTEM_DEVELOPER_DIR}/Tools/RunUnitTests\"\n";
		};
/* End PBXShellScriptBuildPhase section */

/* Begin PBXSourcesBuildPhase section */
		D2AAC07B0554694100DB518D /* Sources */ = {
			isa = PBXSourcesBuildPhase;
			buildActionMask = 2147483647;
			files = (
				FF3C054A12E65A2A00CFB524 /* IQDrilldownController.m in Sources */,
				FF8C31E1130AFB7800A10CF0 /* IQScheduleView.m in Sources */,
				FF8C31E5130AFBDB00A10CF0 /* IQCalendarView.m in Sources */,
				FFC9646B1327DB4200B2EBA6 /* IQCalendarDataSource.m in Sources */,
				FF138B98132D5078009C01D2 /* IQGanttView.m in Sources */,
				FFA26832132E895B007B7FBD /* IQScrollView.m in Sources */,
				FF10E1C7133B8AE800783849 /* IQCalendarHeaderView.m in Sources */,
				FF5E3C431354E6A90067ADEF /* IQViewTessellation.m in Sources */,
				FFDEA942137B1CFA00A94388 /* IQViewTransition.m in Sources */,
			);
			runOnlyForDeploymentPostprocessing = 0;
		};
		FF540AD012A95EC200C2C7A5 /* Sources */ = {
			isa = PBXSourcesBuildPhase;
			buildActionMask = 2147483647;
			files = (
				FF540AEF12A95EF400C2C7A5 /* ExampleApp.m in Sources */,
			);
			runOnlyForDeploymentPostprocessing = 0;
		};
		FF8C320B130B136D00A10CF0 /* Sources */ = {
			isa = PBXSourcesBuildPhase;
			buildActionMask = 2147483647;
			files = (
				FF8C3226130B138800A10CF0 /* CalendarTests.m in Sources */,
				FFD6CF38130C816A0040F26E /* ScheduleTests.m in Sources */,
			);
			runOnlyForDeploymentPostprocessing = 0;
		};
/* End PBXSourcesBuildPhase section */

/* Begin PBXTargetDependency section */
		FF540ADA12A95EC700C2C7A5 /* PBXTargetDependency */ = {
			isa = PBXTargetDependency;
			target = D2AAC07D0554694100DB518D /* IQWidgets */;
			targetProxy = FF540AD912A95EC700C2C7A5 /* PBXContainerItemProxy */;
		};
		FF8C3229130B150F00A10CF0 /* PBXTargetDependency */ = {
			isa = PBXTargetDependency;
			target = D2AAC07D0554694100DB518D /* IQWidgets */;
			targetProxy = FF8C3228130B150F00A10CF0 /* PBXContainerItemProxy */;
		};
/* End PBXTargetDependency section */

/* Begin XCBuildConfiguration section */
		1DEB921F08733DC00010E9CD /* Debug */ = {
			isa = XCBuildConfiguration;
			buildSettings = {
				ALWAYS_SEARCH_USER_PATHS = NO;
				ARCHS = "$(ARCHS_STANDARD_32_BIT)";
				COPY_PHASE_STRIP = NO;
				GCC_DYNAMIC_NO_PIC = NO;
				GCC_ENABLE_FIX_AND_CONTINUE = YES;
				GCC_OPTIMIZATION_LEVEL = 0;
				GCC_PRECOMPILE_PREFIX_HEADER = YES;
				PRODUCT_NAME = IQWidgets;
				PUBLIC_HEADERS_FOLDER_PATH = IQWidgets;
				SKIP_INSTALL = YES;
				TEST_AFTER_BUILD = YES;
			};
			name = Debug;
		};
		1DEB922008733DC00010E9CD /* Release */ = {
			isa = XCBuildConfiguration;
			buildSettings = {
				ALWAYS_SEARCH_USER_PATHS = NO;
				ARCHS = "$(ARCHS_STANDARD_32_BIT)";
				GCC_PRECOMPILE_PREFIX_HEADER = YES;
				PRODUCT_NAME = IQWidgets;
				PUBLIC_HEADERS_FOLDER_PATH = IQWidgets;
				SKIP_INSTALL = YES;
				TEST_AFTER_BUILD = YES;
			};
			name = Release;
		};
		1DEB922308733DC00010E9CD /* Debug */ = {
			isa = XCBuildConfiguration;
			buildSettings = {
				ARCHS = "$(ARCHS_STANDARD_32_BIT)";
				GCC_C_LANGUAGE_STANDARD = c99;
				GCC_GENERATE_TEST_COVERAGE_FILES = YES;
				GCC_OPTIMIZATION_LEVEL = 0;
				GCC_VERSION = com.apple.compilers.llvm.clang.1_0;
				GCC_WARN_ABOUT_RETURN_TYPE = YES;
				GCC_WARN_UNUSED_VARIABLE = YES;
				HEADER_SEARCH_PATHS = "Contrib/libvncserver/x11vnc-0.9.12";
				IPHONEOS_DEPLOYMENT_TARGET = 4.2;
				OTHER_LDFLAGS = (
					"-all_load",
					"-ObjC",
				);
				PREBINDING = NO;
				SDKROOT = iphoneos;
				TARGETED_DEVICE_FAMILY = "1,2";
			};
			name = Debug;
		};
		1DEB922408733DC00010E9CD /* Release */ = {
			isa = XCBuildConfiguration;
			buildSettings = {
				ARCHS = "$(ARCHS_STANDARD_32_BIT)";
				GCC_C_LANGUAGE_STANDARD = c99;
				GCC_GENERATE_TEST_COVERAGE_FILES = YES;
				GCC_VERSION = com.apple.compilers.llvm.clang.1_0;
				GCC_WARN_ABOUT_RETURN_TYPE = YES;
				GCC_WARN_UNUSED_VARIABLE = YES;
				HEADER_SEARCH_PATHS = "Contrib/libvncserver/x11vnc-0.9.12";
				IPHONEOS_DEPLOYMENT_TARGET = 4.2;
				OTHER_LDFLAGS = (
					"-all_load",
					"-ObjC",
				);
				PREBINDING = NO;
				SDKROOT = iphoneos;
				TARGETED_DEVICE_FAMILY = "1,2";
			};
			name = Release;
		};
		FF540AD612A95EC300C2C7A5 /* Debug */ = {
			isa = XCBuildConfiguration;
			buildSettings = {
				ALWAYS_SEARCH_USER_PATHS = NO;
				CODE_SIGN_IDENTITY = "iPhone Developer";
				COPY_PHASE_STRIP = NO;
				GCC_DYNAMIC_NO_PIC = NO;
				GCC_OPTIMIZATION_LEVEL = 0;
				GCC_PRECOMPILE_PREFIX_HEADER = YES;
				GCC_PREFIX_HEADER = "$(SYSTEM_LIBRARY_DIR)/Frameworks/UIKit.framework/Headers/UIKit.h";
				INFOPLIST_FILE = "Example/Example-Info.plist";
				INSTALL_PATH = "$(HOME)/Applications";
				LIBRARY_SEARCH_PATHS = (
					"$(inherited)",
					"\"$(SRCROOT)\"",
				);
				OTHER_LDFLAGS = (
					"-framework",
					Foundation,
					"-framework",
					UIKit,
				);
				PREBINDING = NO;
				PRODUCT_NAME = IQTSVExample;
				SDKROOT = iphoneos;
			};
			name = Debug;
		};
		FF540AD712A95EC300C2C7A5 /* Release */ = {
			isa = XCBuildConfiguration;
			buildSettings = {
				ALWAYS_SEARCH_USER_PATHS = NO;
				CODE_SIGN_IDENTITY = "iPhone Developer";
				COPY_PHASE_STRIP = YES;
				DEBUG_INFORMATION_FORMAT = "dwarf-with-dsym";
				GCC_ENABLE_FIX_AND_CONTINUE = NO;
				GCC_PRECOMPILE_PREFIX_HEADER = YES;
				GCC_PREFIX_HEADER = "$(SYSTEM_LIBRARY_DIR)/Frameworks/UIKit.framework/Headers/UIKit.h";
				INFOPLIST_FILE = "Example/Example-Info.plist";
				INSTALL_PATH = "$(HOME)/Applications";
				LIBRARY_SEARCH_PATHS = (
					"$(inherited)",
					"\"$(SRCROOT)\"",
				);
				OTHER_LDFLAGS = (
					"-framework",
					Foundation,
					"-framework",
					UIKit,
				);
				PREBINDING = NO;
				PRODUCT_NAME = IQTSVExample;
				SDKROOT = iphoneos;
				ZERO_LINK = NO;
			};
			name = Release;
		};
		FF8C3221130B136E00A10CF0 /* Debug */ = {
			isa = XCBuildConfiguration;
			buildSettings = {
				ALWAYS_SEARCH_USER_PATHS = NO;
				FRAMEWORK_SEARCH_PATHS = (
					"$(SDKROOT)/Developer/Library/Frameworks",
					"$(DEVELOPER_LIBRARY_DIR)/Frameworks",
				);
				GCC_C_LANGUAGE_STANDARD = gnu99;
				GCC_PRECOMPILE_PREFIX_HEADER = YES;
				GCC_PREPROCESSOR_DEFINITIONS = DEBUG;
				INFOPLIST_FILE = "Tests/Tests-Info.plist";
				IPHONEOS_DEPLOYMENT_TARGET = 4.2;
				OTHER_LDFLAGS = (
					"-framework",
					SenTestingKit,
				);
				PRODUCT_NAME = "$(TARGET_NAME)";
				TEST_AFTER_BUILD = YES;
				WRAPPER_EXTENSION = octest;
			};
			name = Debug;
		};
		FF8C3222130B136E00A10CF0 /* Release */ = {
			isa = XCBuildConfiguration;
			buildSettings = {
				ALWAYS_SEARCH_USER_PATHS = NO;
				FRAMEWORK_SEARCH_PATHS = (
					"$(SDKROOT)/Developer/Library/Frameworks",
					"$(DEVELOPER_LIBRARY_DIR)/Frameworks",
				);
				GCC_C_LANGUAGE_STANDARD = gnu99;
				GCC_PRECOMPILE_PREFIX_HEADER = YES;
				INFOPLIST_FILE = "Tests/Tests-Info.plist";
				IPHONEOS_DEPLOYMENT_TARGET = 4.2;
				OTHER_LDFLAGS = (
					"-framework",
					SenTestingKit,
				);
				PRODUCT_NAME = "$(TARGET_NAME)";
				TEST_AFTER_BUILD = YES;
				WRAPPER_EXTENSION = octest;
			};
			name = Release;
		};
/* End XCBuildConfiguration section */

/* Begin XCConfigurationList section */
		1DEB921E08733DC00010E9CD /* Build configuration list for PBXNativeTarget "IQWidgets" */ = {
			isa = XCConfigurationList;
			buildConfigurations = (
				1DEB921F08733DC00010E9CD /* Debug */,
				1DEB922008733DC00010E9CD /* Release */,
			);
			defaultConfigurationIsVisible = 0;
			defaultConfigurationName = Release;
		};
		1DEB922208733DC00010E9CD /* Build configuration list for PBXProject "IQWidgets" */ = {
			isa = XCConfigurationList;
			buildConfigurations = (
				1DEB922308733DC00010E9CD /* Debug */,
				1DEB922408733DC00010E9CD /* Release */,
			);
			defaultConfigurationIsVisible = 0;
			defaultConfigurationName = Release;
		};
		FF540AD812A95EC300C2C7A5 /* Build configuration list for PBXNativeTarget "IQWidgetsExample" */ = {
			isa = XCConfigurationList;
			buildConfigurations = (
				FF540AD612A95EC300C2C7A5 /* Debug */,
				FF540AD712A95EC300C2C7A5 /* Release */,
			);
			defaultConfigurationIsVisible = 0;
			defaultConfigurationName = Release;
		};
		FF8C3220130B136E00A10CF0 /* Build configuration list for PBXNativeTarget "BasicTests" */ = {
			isa = XCConfigurationList;
			buildConfigurations = (
				FF8C3221130B136E00A10CF0 /* Debug */,
				FF8C3222130B136E00A10CF0 /* Release */,
			);
			defaultConfigurationIsVisible = 0;
			defaultConfigurationName = Release;
		};
/* End XCConfigurationList section */
	};
	rootObject = 0867D690FE84028FC02AAC07 /* Project object */;
}
