// !$*UTF8*$!
{
	archiveVersion = 1;
	classes = {
	};
	objectVersion = 46;
	objects = {

/* Begin PBXBuildFile section */
		FF604884133E346D00BB74F6 /* Foundation.framework in Frameworks */ = {isa = PBXBuildFile; fileRef = FF604883133E346D00BB74F6 /* Foundation.framework */; };
		FF6048C5133E355C00BB74F6 /* auth.c in Sources */ = {isa = PBXBuildFile; fileRef = FF604893133E355C00BB74F6 /* auth.c */; };
		FF6048C6133E355C00BB74F6 /* cargs.c in Sources */ = {isa = PBXBuildFile; fileRef = FF604894133E355C00BB74F6 /* cargs.c */; };
		FF6048C7133E355C00BB74F6 /* corre.c in Sources */ = {isa = PBXBuildFile; fileRef = FF604895133E355C00BB74F6 /* corre.c */; };
		FF6048C8133E355C00BB74F6 /* cursor.c in Sources */ = {isa = PBXBuildFile; fileRef = FF604896133E355C00BB74F6 /* cursor.c */; };
		FF6048C9133E355C00BB74F6 /* cutpaste.c in Sources */ = {isa = PBXBuildFile; fileRef = FF604897133E355C00BB74F6 /* cutpaste.c */; };
		FF6048CA133E355C00BB74F6 /* d3des.c in Sources */ = {isa = PBXBuildFile; fileRef = FF604898133E355C00BB74F6 /* d3des.c */; };
		FF6048CB133E355C00BB74F6 /* d3des.h in Headers */ = {isa = PBXBuildFile; fileRef = FF604899133E355C00BB74F6 /* d3des.h */; };
		FF6048CC133E355C00BB74F6 /* draw.c in Sources */ = {isa = PBXBuildFile; fileRef = FF60489A133E355C00BB74F6 /* draw.c */; };
		FF6048CD133E355C00BB74F6 /* font.c in Sources */ = {isa = PBXBuildFile; fileRef = FF60489B133E355C00BB74F6 /* font.c */; };
		FF6048CE133E355C00BB74F6 /* hextile.c in Sources */ = {isa = PBXBuildFile; fileRef = FF60489C133E355C00BB74F6 /* hextile.c */; };
		FF6048CF133E355C00BB74F6 /* httpd.c in Sources */ = {isa = PBXBuildFile; fileRef = FF60489D133E355C00BB74F6 /* httpd.c */; };
		FF6048D0133E355C00BB74F6 /* lzoconf.h in Headers */ = {isa = PBXBuildFile; fileRef = FF60489E133E355C00BB74F6 /* lzoconf.h */; };
		FF6048D1133E355C00BB74F6 /* minilzo.c in Sources */ = {isa = PBXBuildFile; fileRef = FF60489F133E355C00BB74F6 /* minilzo.c */; };
		FF6048D2133E355C00BB74F6 /* minilzo.h in Headers */ = {isa = PBXBuildFile; fileRef = FF6048A0133E355C00BB74F6 /* minilzo.h */; };
		FF6048D3133E355C00BB74F6 /* private.h in Headers */ = {isa = PBXBuildFile; fileRef = FF6048A1133E355C00BB74F6 /* private.h */; };
		FF6048D4133E355C00BB74F6 /* rfbregion.c in Sources */ = {isa = PBXBuildFile; fileRef = FF6048A2133E355C00BB74F6 /* rfbregion.c */; };
		FF6048D5133E355C00BB74F6 /* rfbserver.c in Sources */ = {isa = PBXBuildFile; fileRef = FF6048A3133E355C00BB74F6 /* rfbserver.c */; };
		FF6048D6133E355C00BB74F6 /* rre.c in Sources */ = {isa = PBXBuildFile; fileRef = FF6048A4133E355C00BB74F6 /* rre.c */; };
		FF6048D7133E355C00BB74F6 /* scale.c in Sources */ = {isa = PBXBuildFile; fileRef = FF6048A5133E355C00BB74F6 /* scale.c */; };
		FF6048D8133E355C00BB74F6 /* scale.h in Headers */ = {isa = PBXBuildFile; fileRef = FF6048A6133E355C00BB74F6 /* scale.h */; };
		FF6048D9133E355C00BB74F6 /* selbox.c in Sources */ = {isa = PBXBuildFile; fileRef = FF6048A7133E355C00BB74F6 /* selbox.c */; };
		FF6048DA133E355C00BB74F6 /* sockets.c in Sources */ = {isa = PBXBuildFile; fileRef = FF6048A8133E355C00BB74F6 /* sockets.c */; };
		FF6048DB133E355C00BB74F6 /* stats.c in Sources */ = {isa = PBXBuildFile; fileRef = FF6048A9133E355C00BB74F6 /* stats.c */; };
		FF6048E2133E355C00BB74F6 /* filelistinfo.c in Sources */ = {isa = PBXBuildFile; fileRef = FF6048B1133E355C00BB74F6 /* filelistinfo.c */; };
		FF6048E3133E355C00BB74F6 /* filelistinfo.h in Headers */ = {isa = PBXBuildFile; fileRef = FF6048B2133E355C00BB74F6 /* filelistinfo.h */; };
		FF6048E4133E355C00BB74F6 /* filetransfermsg.c in Sources */ = {isa = PBXBuildFile; fileRef = FF6048B3133E355C00BB74F6 /* filetransfermsg.c */; };
		FF6048E5133E355C00BB74F6 /* filetransfermsg.h in Headers */ = {isa = PBXBuildFile; fileRef = FF6048B4133E355C00BB74F6 /* filetransfermsg.h */; };
		FF6048E6133E355C00BB74F6 /* handlefiletransferrequest.c in Sources */ = {isa = PBXBuildFile; fileRef = FF6048B5133E355C00BB74F6 /* handlefiletransferrequest.c */; };
		FF6048E7133E355C00BB74F6 /* handlefiletransferrequest.h in Headers */ = {isa = PBXBuildFile; fileRef = FF6048B6133E355C00BB74F6 /* handlefiletransferrequest.h */; };
		FF6048E8133E355C00BB74F6 /* rfbtightproto.h in Headers */ = {isa = PBXBuildFile; fileRef = FF6048B7133E355C00BB74F6 /* rfbtightproto.h */; };
		FF6048E9133E355C00BB74F6 /* rfbtightserver.c in Sources */ = {isa = PBXBuildFile; fileRef = FF6048B8133E355C00BB74F6 /* rfbtightserver.c */; };
		FF6048EA133E355C00BB74F6 /* translate.c in Sources */ = {isa = PBXBuildFile; fileRef = FF6048B9133E355C00BB74F6 /* translate.c */; };
		FF6048EB133E355C00BB74F6 /* ultra.c in Sources */ = {isa = PBXBuildFile; fileRef = FF6048BA133E355C00BB74F6 /* ultra.c */; };
		FF6048EC133E355C00BB74F6 /* vncauth.c in Sources */ = {isa = PBXBuildFile; fileRef = FF6048BB133E355C00BB74F6 /* vncauth.c */; };
		FF6048ED133E355C00BB74F6 /* zlib.c in Sources */ = {isa = PBXBuildFile; fileRef = FF6048BC133E355C00BB74F6 /* zlib.c */; };
		FF6048EE133E355C00BB74F6 /* zrle.c in Sources */ = {isa = PBXBuildFile; fileRef = FF6048BD133E355C00BB74F6 /* zrle.c */; };
		FF6048F0133E355C00BB74F6 /* zrleoutstream.c in Sources */ = {isa = PBXBuildFile; fileRef = FF6048BF133E355C00BB74F6 /* zrleoutstream.c */; };
		FF6048F1133E355C00BB74F6 /* zrleoutstream.h in Headers */ = {isa = PBXBuildFile; fileRef = FF6048C0133E355C00BB74F6 /* zrleoutstream.h */; };
		FF6048F2133E355C00BB74F6 /* zrlepalettehelper.c in Sources */ = {isa = PBXBuildFile; fileRef = FF6048C1133E355C00BB74F6 /* zrlepalettehelper.c */; };
		FF6048F3133E355C00BB74F6 /* zrlepalettehelper.h in Headers */ = {isa = PBXBuildFile; fileRef = FF6048C2133E355C00BB74F6 /* zrlepalettehelper.h */; };
		FF6048F4133E355C00BB74F6 /* zrletypes.h in Headers */ = {isa = PBXBuildFile; fileRef = FF6048C3133E355C00BB74F6 /* zrletypes.h */; };
		FF604905133E368400BB74F6 /* default8x16.h in Headers */ = {isa = PBXBuildFile; fileRef = FF6048FD133E368400BB74F6 /* default8x16.h */; };
		FF604906133E368400BB74F6 /* keysym.h in Headers */ = {isa = PBXBuildFile; fileRef = FF6048FE133E368400BB74F6 /* keysym.h */; };
		FF604907133E368400BB74F6 /* rfb.h in Headers */ = {isa = PBXBuildFile; fileRef = FF6048FF133E368400BB74F6 /* rfb.h */; };
		FF604908133E368400BB74F6 /* rfbclient.h in Headers */ = {isa = PBXBuildFile; fileRef = FF604900133E368400BB74F6 /* rfbclient.h */; };
		FF604909133E368400BB74F6 /* rfbconfig.h in Headers */ = {isa = PBXBuildFile; fileRef = FF604901133E368400BB74F6 /* rfbconfig.h */; };
		FF60490A133E368400BB74F6 /* rfbint.h in Headers */ = {isa = PBXBuildFile; fileRef = FF604902133E368400BB74F6 /* rfbint.h */; };
		FF60490B133E368400BB74F6 /* rfbproto.h in Headers */ = {isa = PBXBuildFile; fileRef = FF604903133E368400BB74F6 /* rfbproto.h */; };
		FF60490C133E368400BB74F6 /* rfbregion.h in Headers */ = {isa = PBXBuildFile; fileRef = FF604904133E368400BB74F6 /* rfbregion.h */; };
		FF60490F133E36F300BB74F6 /* libvncserver-ios.pch in Headers */ = {isa = PBXBuildFile; fileRef = FF60490D133E36F300BB74F6 /* libvncserver-ios.pch */; };
		FF604931133E439300BB74F6 /* main.c in Sources */ = {isa = PBXBuildFile; fileRef = FF604930133E439300BB74F6 /* main.c */; };
		FF604958133E625300BB74F6 /* tight.c in Sources */ = {isa = PBXBuildFile; fileRef = FF604957133E625300BB74F6 /* tight.c */; };
		FF6049AC133E628B00BB74F6 /* cderror.h in Headers */ = {isa = PBXBuildFile; fileRef = FF604959133E628B00BB74F6 /* cderror.h */; };
		FF6049AD133E628B00BB74F6 /* cdjpeg.h in Headers */ = {isa = PBXBuildFile; fileRef = FF60495A133E628B00BB74F6 /* cdjpeg.h */; };
		FF6049AE133E628B00BB74F6 /* jdct.h in Headers */ = {isa = PBXBuildFile; fileRef = FF60495B133E628B00BB74F6 /* jdct.h */; };
		FF6049AF133E628B00BB74F6 /* jerror.h in Headers */ = {isa = PBXBuildFile; fileRef = FF60495C133E628B00BB74F6 /* jerror.h */; };
		FF6049B0133E628B00BB74F6 /* jinclude.h in Headers */ = {isa = PBXBuildFile; fileRef = FF60495D133E628B00BB74F6 /* jinclude.h */; };
		FF6049B1133E628B00BB74F6 /* jmemsys.h in Headers */ = {isa = PBXBuildFile; fileRef = FF60495E133E628B00BB74F6 /* jmemsys.h */; };
		FF6049B2133E628B00BB74F6 /* jmorecfg.h in Headers */ = {isa = PBXBuildFile; fileRef = FF60495F133E628B00BB74F6 /* jmorecfg.h */; };
		FF6049B3133E628B00BB74F6 /* jpegint.h in Headers */ = {isa = PBXBuildFile; fileRef = FF604960133E628B00BB74F6 /* jpegint.h */; };
		FF6049B4133E628B00BB74F6 /* jpeglib.h in Headers */ = {isa = PBXBuildFile; fileRef = FF604961133E628B00BB74F6 /* jpeglib.h */; };
		FF6049B5133E628B00BB74F6 /* jversion.h in Headers */ = {isa = PBXBuildFile; fileRef = FF604962133E628B00BB74F6 /* jversion.h */; };
		FF6049B6133E628B00BB74F6 /* transupp.h in Headers */ = {isa = PBXBuildFile; fileRef = FF604963133E628B00BB74F6 /* transupp.h */; };
		FF6049BD133E628B00BB74F6 /* jaricom.c in Sources */ = {isa = PBXBuildFile; fileRef = FF60496A133E628B00BB74F6 /* jaricom.c */; };
		FF6049BE133E628B00BB74F6 /* jcapimin.c in Sources */ = {isa = PBXBuildFile; fileRef = FF60496B133E628B00BB74F6 /* jcapimin.c */; };
		FF6049BF133E628B00BB74F6 /* jcapistd.c in Sources */ = {isa = PBXBuildFile; fileRef = FF60496C133E628B00BB74F6 /* jcapistd.c */; };
		FF6049C0133E628B00BB74F6 /* jcarith.c in Sources */ = {isa = PBXBuildFile; fileRef = FF60496D133E628B00BB74F6 /* jcarith.c */; };
		FF6049C1133E628B00BB74F6 /* jccoefct.c in Sources */ = {isa = PBXBuildFile; fileRef = FF60496E133E628B00BB74F6 /* jccoefct.c */; };
		FF6049C2133E628B00BB74F6 /* jccolor.c in Sources */ = {isa = PBXBuildFile; fileRef = FF60496F133E628B00BB74F6 /* jccolor.c */; };
		FF6049C3133E628B00BB74F6 /* jcdctmgr.c in Sources */ = {isa = PBXBuildFile; fileRef = FF604970133E628B00BB74F6 /* jcdctmgr.c */; };
		FF6049C4133E628B00BB74F6 /* jchuff.c in Sources */ = {isa = PBXBuildFile; fileRef = FF604971133E628B00BB74F6 /* jchuff.c */; };
		FF6049C5133E628B00BB74F6 /* jcinit.c in Sources */ = {isa = PBXBuildFile; fileRef = FF604972133E628B00BB74F6 /* jcinit.c */; };
		FF6049C6133E628B00BB74F6 /* jcmainct.c in Sources */ = {isa = PBXBuildFile; fileRef = FF604973133E628B00BB74F6 /* jcmainct.c */; };
		FF6049C7133E628B00BB74F6 /* jcmarker.c in Sources */ = {isa = PBXBuildFile; fileRef = FF604974133E628B00BB74F6 /* jcmarker.c */; };
		FF6049C8133E628B00BB74F6 /* jcmaster.c in Sources */ = {isa = PBXBuildFile; fileRef = FF604975133E628B00BB74F6 /* jcmaster.c */; };
		FF6049C9133E628B00BB74F6 /* jcomapi.c in Sources */ = {isa = PBXBuildFile; fileRef = FF604976133E628B00BB74F6 /* jcomapi.c */; };
		FF6049CA133E628B00BB74F6 /* jcparam.c in Sources */ = {isa = PBXBuildFile; fileRef = FF604977133E628B00BB74F6 /* jcparam.c */; };
		FF6049CB133E628B00BB74F6 /* jcprepct.c in Sources */ = {isa = PBXBuildFile; fileRef = FF604978133E628B00BB74F6 /* jcprepct.c */; };
		FF6049CC133E628B00BB74F6 /* jcsample.c in Sources */ = {isa = PBXBuildFile; fileRef = FF604979133E628B00BB74F6 /* jcsample.c */; };
		FF6049CD133E628B00BB74F6 /* jctrans.c in Sources */ = {isa = PBXBuildFile; fileRef = FF60497A133E628B00BB74F6 /* jctrans.c */; };
		FF6049CE133E628B00BB74F6 /* jdapimin.c in Sources */ = {isa = PBXBuildFile; fileRef = FF60497B133E628B00BB74F6 /* jdapimin.c */; };
		FF6049CF133E628B00BB74F6 /* jdapistd.c in Sources */ = {isa = PBXBuildFile; fileRef = FF60497C133E628B00BB74F6 /* jdapistd.c */; };
		FF6049D0133E628B00BB74F6 /* jdarith.c in Sources */ = {isa = PBXBuildFile; fileRef = FF60497D133E628B00BB74F6 /* jdarith.c */; };
		FF6049D1133E628B00BB74F6 /* jdatadst.c in Sources */ = {isa = PBXBuildFile; fileRef = FF60497E133E628B00BB74F6 /* jdatadst.c */; };
		FF6049D2133E628B00BB74F6 /* jdatasrc.c in Sources */ = {isa = PBXBuildFile; fileRef = FF60497F133E628B00BB74F6 /* jdatasrc.c */; };
		FF6049D3133E628B00BB74F6 /* jdcoefct.c in Sources */ = {isa = PBXBuildFile; fileRef = FF604980133E628B00BB74F6 /* jdcoefct.c */; };
		FF6049D4133E628B00BB74F6 /* jdcolor.c in Sources */ = {isa = PBXBuildFile; fileRef = FF604981133E628B00BB74F6 /* jdcolor.c */; };
		FF6049D5133E628B00BB74F6 /* jddctmgr.c in Sources */ = {isa = PBXBuildFile; fileRef = FF604982133E628B00BB74F6 /* jddctmgr.c */; };
		FF6049D6133E628B00BB74F6 /* jdhuff.c in Sources */ = {isa = PBXBuildFile; fileRef = FF604983133E628B00BB74F6 /* jdhuff.c */; };
		FF6049D7133E628B00BB74F6 /* jdinput.c in Sources */ = {isa = PBXBuildFile; fileRef = FF604984133E628B00BB74F6 /* jdinput.c */; };
		FF6049D8133E628B00BB74F6 /* jdmainct.c in Sources */ = {isa = PBXBuildFile; fileRef = FF604985133E628B00BB74F6 /* jdmainct.c */; };
		FF6049D9133E628B00BB74F6 /* jdmarker.c in Sources */ = {isa = PBXBuildFile; fileRef = FF604986133E628B00BB74F6 /* jdmarker.c */; };
		FF6049DA133E628B00BB74F6 /* jdmaster.c in Sources */ = {isa = PBXBuildFile; fileRef = FF604987133E628B00BB74F6 /* jdmaster.c */; };
		FF6049DB133E628B00BB74F6 /* jdmerge.c in Sources */ = {isa = PBXBuildFile; fileRef = FF604988133E628B00BB74F6 /* jdmerge.c */; };
		FF6049DC133E628B00BB74F6 /* jdpostct.c in Sources */ = {isa = PBXBuildFile; fileRef = FF604989133E628B00BB74F6 /* jdpostct.c */; };
		FF6049DD133E628B00BB74F6 /* jdsample.c in Sources */ = {isa = PBXBuildFile; fileRef = FF60498A133E628B00BB74F6 /* jdsample.c */; };
		FF6049DE133E628B00BB74F6 /* jdtrans.c in Sources */ = {isa = PBXBuildFile; fileRef = FF60498B133E628B00BB74F6 /* jdtrans.c */; };
		FF6049DF133E628B00BB74F6 /* jerror.c in Sources */ = {isa = PBXBuildFile; fileRef = FF60498C133E628B00BB74F6 /* jerror.c */; };
		FF6049E0133E628B00BB74F6 /* jfdctflt.c in Sources */ = {isa = PBXBuildFile; fileRef = FF60498D133E628B00BB74F6 /* jfdctflt.c */; };
		FF6049E1133E628B00BB74F6 /* jfdctfst.c in Sources */ = {isa = PBXBuildFile; fileRef = FF60498E133E628B00BB74F6 /* jfdctfst.c */; };
		FF6049E2133E628B00BB74F6 /* jfdctint.c in Sources */ = {isa = PBXBuildFile; fileRef = FF60498F133E628B00BB74F6 /* jfdctint.c */; };
		FF6049E3133E628B00BB74F6 /* jidctflt.c in Sources */ = {isa = PBXBuildFile; fileRef = FF604990133E628B00BB74F6 /* jidctflt.c */; };
		FF6049E4133E628B00BB74F6 /* jidctfst.c in Sources */ = {isa = PBXBuildFile; fileRef = FF604991133E628B00BB74F6 /* jidctfst.c */; };
		FF6049E5133E628B00BB74F6 /* jidctint.c in Sources */ = {isa = PBXBuildFile; fileRef = FF604992133E628B00BB74F6 /* jidctint.c */; };
		FF6049E6133E628B00BB74F6 /* jmemansi.c in Sources */ = {isa = PBXBuildFile; fileRef = FF604993133E628B00BB74F6 /* jmemansi.c */; };
		FF6049E9133E628B00BB74F6 /* jmemmgr.c in Sources */ = {isa = PBXBuildFile; fileRef = FF604996133E628B00BB74F6 /* jmemmgr.c */; };
		FF6049EA133E628B00BB74F6 /* jmemname.c in Sources */ = {isa = PBXBuildFile; fileRef = FF604997133E628B00BB74F6 /* jmemname.c */; };
		FF6049EB133E628B00BB74F6 /* jmemnobs.c in Sources */ = {isa = PBXBuildFile; fileRef = FF604998133E628B00BB74F6 /* jmemnobs.c */; };
		FF6049EC133E628B00BB74F6 /* jpegtran.c in Sources */ = {isa = PBXBuildFile; fileRef = FF604999133E628B00BB74F6 /* jpegtran.c */; };
		FF6049ED133E628B00BB74F6 /* jquant1.c in Sources */ = {isa = PBXBuildFile; fileRef = FF60499A133E628B00BB74F6 /* jquant1.c */; };
		FF6049EE133E628B00BB74F6 /* jquant2.c in Sources */ = {isa = PBXBuildFile; fileRef = FF60499B133E628B00BB74F6 /* jquant2.c */; };
		FF6049EF133E628B00BB74F6 /* jutils.c in Sources */ = {isa = PBXBuildFile; fileRef = FF60499C133E628B00BB74F6 /* jutils.c */; };
		FF6049F0133E628B00BB74F6 /* rdbmp.c in Sources */ = {isa = PBXBuildFile; fileRef = FF60499D133E628B00BB74F6 /* rdbmp.c */; };
		FF6049F1133E628B00BB74F6 /* rdcolmap.c in Sources */ = {isa = PBXBuildFile; fileRef = FF60499E133E628B00BB74F6 /* rdcolmap.c */; };
		FF6049F2133E628B00BB74F6 /* rdgif.c in Sources */ = {isa = PBXBuildFile; fileRef = FF60499F133E628B00BB74F6 /* rdgif.c */; };
		FF6049F3133E628B00BB74F6 /* rdjpgcom.c in Sources */ = {isa = PBXBuildFile; fileRef = FF6049A0133E628B00BB74F6 /* rdjpgcom.c */; };
		FF6049F4133E628B00BB74F6 /* rdppm.c in Sources */ = {isa = PBXBuildFile; fileRef = FF6049A1133E628B00BB74F6 /* rdppm.c */; };
		FF6049F5133E628B00BB74F6 /* rdrle.c in Sources */ = {isa = PBXBuildFile; fileRef = FF6049A2133E628B00BB74F6 /* rdrle.c */; };
		FF6049F6133E628B00BB74F6 /* rdswitch.c in Sources */ = {isa = PBXBuildFile; fileRef = FF6049A3133E628B00BB74F6 /* rdswitch.c */; };
		FF6049F7133E628B00BB74F6 /* rdtarga.c in Sources */ = {isa = PBXBuildFile; fileRef = FF6049A4133E628B00BB74F6 /* rdtarga.c */; };
		FF6049F8133E628B00BB74F6 /* transupp.c in Sources */ = {isa = PBXBuildFile; fileRef = FF6049A5133E628B00BB74F6 /* transupp.c */; };
		FF6049F9133E628B00BB74F6 /* wrbmp.c in Sources */ = {isa = PBXBuildFile; fileRef = FF6049A6133E628B00BB74F6 /* wrbmp.c */; };
		FF6049FA133E628B00BB74F6 /* wrgif.c in Sources */ = {isa = PBXBuildFile; fileRef = FF6049A7133E628B00BB74F6 /* wrgif.c */; };
		FF6049FB133E628B00BB74F6 /* wrjpgcom.c in Sources */ = {isa = PBXBuildFile; fileRef = FF6049A8133E628B00BB74F6 /* wrjpgcom.c */; };
		FF6049FC133E628B00BB74F6 /* wrppm.c in Sources */ = {isa = PBXBuildFile; fileRef = FF6049A9133E628B00BB74F6 /* wrppm.c */; };
		FF6049FD133E628B00BB74F6 /* wrrle.c in Sources */ = {isa = PBXBuildFile; fileRef = FF6049AA133E628B00BB74F6 /* wrrle.c */; };
		FF6049FE133E628B00BB74F6 /* wrtarga.c in Sources */ = {isa = PBXBuildFile; fileRef = FF6049AB133E628B00BB74F6 /* wrtarga.c */; };
/* End PBXBuildFile section */

/* Begin PBXFileReference section */
		FF604880133E346D00BB74F6 /* liblibvncserver.a */ = {isa = PBXFileReference; explicitFileType = archive.ar; includeInIndex = 0; path = liblibvncserver.a; sourceTree = BUILT_PRODUCTS_DIR; };
		FF604883133E346D00BB74F6 /* Foundation.framework */ = {isa = PBXFileReference; lastKnownFileType = wrapper.framework; name = Foundation.framework; path = System/Library/Frameworks/Foundation.framework; sourceTree = SDKROOT; };
		FF604893133E355C00BB74F6 /* auth.c */ = {isa = PBXFileReference; fileEncoding = 4; lastKnownFileType = sourcecode.c.c; name = auth.c; path = "x11vnc-0.9.12/libvncserver/auth.c"; sourceTree = SOURCE_ROOT; };
		FF604894133E355C00BB74F6 /* cargs.c */ = {isa = PBXFileReference; fileEncoding = 4; lastKnownFileType = sourcecode.c.c; name = cargs.c; path = "x11vnc-0.9.12/libvncserver/cargs.c"; sourceTree = SOURCE_ROOT; };
		FF604895133E355C00BB74F6 /* corre.c */ = {isa = PBXFileReference; fileEncoding = 4; lastKnownFileType = sourcecode.c.c; name = corre.c; path = "x11vnc-0.9.12/libvncserver/corre.c"; sourceTree = SOURCE_ROOT; };
		FF604896133E355C00BB74F6 /* cursor.c */ = {isa = PBXFileReference; fileEncoding = 4; lastKnownFileType = sourcecode.c.c; name = cursor.c; path = "x11vnc-0.9.12/libvncserver/cursor.c"; sourceTree = SOURCE_ROOT; };
		FF604897133E355C00BB74F6 /* cutpaste.c */ = {isa = PBXFileReference; fileEncoding = 4; lastKnownFileType = sourcecode.c.c; name = cutpaste.c; path = "x11vnc-0.9.12/libvncserver/cutpaste.c"; sourceTree = SOURCE_ROOT; };
		FF604898133E355C00BB74F6 /* d3des.c */ = {isa = PBXFileReference; fileEncoding = 4; lastKnownFileType = sourcecode.c.c; name = d3des.c; path = "x11vnc-0.9.12/libvncserver/d3des.c"; sourceTree = SOURCE_ROOT; };
		FF604899133E355C00BB74F6 /* d3des.h */ = {isa = PBXFileReference; fileEncoding = 4; lastKnownFileType = sourcecode.c.h; name = d3des.h; path = "x11vnc-0.9.12/libvncserver/d3des.h"; sourceTree = SOURCE_ROOT; };
		FF60489A133E355C00BB74F6 /* draw.c */ = {isa = PBXFileReference; fileEncoding = 4; lastKnownFileType = sourcecode.c.c; name = draw.c; path = "x11vnc-0.9.12/libvncserver/draw.c"; sourceTree = SOURCE_ROOT; };
		FF60489B133E355C00BB74F6 /* font.c */ = {isa = PBXFileReference; fileEncoding = 4; lastKnownFileType = sourcecode.c.c; name = font.c; path = "x11vnc-0.9.12/libvncserver/font.c"; sourceTree = SOURCE_ROOT; };
		FF60489C133E355C00BB74F6 /* hextile.c */ = {isa = PBXFileReference; fileEncoding = 4; lastKnownFileType = sourcecode.c.c; name = hextile.c; path = "x11vnc-0.9.12/libvncserver/hextile.c"; sourceTree = SOURCE_ROOT; };
		FF60489D133E355C00BB74F6 /* httpd.c */ = {isa = PBXFileReference; fileEncoding = 4; lastKnownFileType = sourcecode.c.c; name = httpd.c; path = "x11vnc-0.9.12/libvncserver/httpd.c"; sourceTree = SOURCE_ROOT; };
		FF60489E133E355C00BB74F6 /* lzoconf.h */ = {isa = PBXFileReference; fileEncoding = 4; lastKnownFileType = sourcecode.c.h; name = lzoconf.h; path = "x11vnc-0.9.12/libvncserver/lzoconf.h"; sourceTree = SOURCE_ROOT; };
		FF60489F133E355C00BB74F6 /* minilzo.c */ = {isa = PBXFileReference; fileEncoding = 4; lastKnownFileType = sourcecode.c.c; name = minilzo.c; path = "x11vnc-0.9.12/libvncserver/minilzo.c"; sourceTree = SOURCE_ROOT; };
		FF6048A0133E355C00BB74F6 /* minilzo.h */ = {isa = PBXFileReference; fileEncoding = 4; lastKnownFileType = sourcecode.c.h; name = minilzo.h; path = "x11vnc-0.9.12/libvncserver/minilzo.h"; sourceTree = SOURCE_ROOT; };
		FF6048A1133E355C00BB74F6 /* private.h */ = {isa = PBXFileReference; fileEncoding = 4; lastKnownFileType = sourcecode.c.h; name = private.h; path = "x11vnc-0.9.12/libvncserver/private.h"; sourceTree = SOURCE_ROOT; };
		FF6048A2133E355C00BB74F6 /* rfbregion.c */ = {isa = PBXFileReference; fileEncoding = 4; lastKnownFileType = sourcecode.c.c; name = rfbregion.c; path = "x11vnc-0.9.12/libvncserver/rfbregion.c"; sourceTree = SOURCE_ROOT; };
		FF6048A3133E355C00BB74F6 /* rfbserver.c */ = {isa = PBXFileReference; fileEncoding = 4; lastKnownFileType = sourcecode.c.c; name = rfbserver.c; path = "x11vnc-0.9.12/libvncserver/rfbserver.c"; sourceTree = SOURCE_ROOT; };
		FF6048A4133E355C00BB74F6 /* rre.c */ = {isa = PBXFileReference; fileEncoding = 4; lastKnownFileType = sourcecode.c.c; name = rre.c; path = "x11vnc-0.9.12/libvncserver/rre.c"; sourceTree = SOURCE_ROOT; };
		FF6048A5133E355C00BB74F6 /* scale.c */ = {isa = PBXFileReference; fileEncoding = 4; lastKnownFileType = sourcecode.c.c; name = scale.c; path = "x11vnc-0.9.12/libvncserver/scale.c"; sourceTree = SOURCE_ROOT; };
		FF6048A6133E355C00BB74F6 /* scale.h */ = {isa = PBXFileReference; fileEncoding = 4; lastKnownFileType = sourcecode.c.h; name = scale.h; path = "x11vnc-0.9.12/libvncserver/scale.h"; sourceTree = SOURCE_ROOT; };
		FF6048A7133E355C00BB74F6 /* selbox.c */ = {isa = PBXFileReference; fileEncoding = 4; lastKnownFileType = sourcecode.c.c; name = selbox.c; path = "x11vnc-0.9.12/libvncserver/selbox.c"; sourceTree = SOURCE_ROOT; };
		FF6048A8133E355C00BB74F6 /* sockets.c */ = {isa = PBXFileReference; fileEncoding = 4; lastKnownFileType = sourcecode.c.c; name = sockets.c; path = "x11vnc-0.9.12/libvncserver/sockets.c"; sourceTree = SOURCE_ROOT; };
		FF6048A9133E355C00BB74F6 /* stats.c */ = {isa = PBXFileReference; fileEncoding = 4; lastKnownFileType = sourcecode.c.c; name = stats.c; path = "x11vnc-0.9.12/libvncserver/stats.c"; sourceTree = SOURCE_ROOT; };
		FF6048B1133E355C00BB74F6 /* filelistinfo.c */ = {isa = PBXFileReference; fileEncoding = 4; lastKnownFileType = sourcecode.c.c; path = filelistinfo.c; sourceTree = "<group>"; };
		FF6048B2133E355C00BB74F6 /* filelistinfo.h */ = {isa = PBXFileReference; fileEncoding = 4; lastKnownFileType = sourcecode.c.h; path = filelistinfo.h; sourceTree = "<group>"; };
		FF6048B3133E355C00BB74F6 /* filetransfermsg.c */ = {isa = PBXFileReference; fileEncoding = 4; lastKnownFileType = sourcecode.c.c; path = filetransfermsg.c; sourceTree = "<group>"; };
		FF6048B4133E355C00BB74F6 /* filetransfermsg.h */ = {isa = PBXFileReference; fileEncoding = 4; lastKnownFileType = sourcecode.c.h; path = filetransfermsg.h; sourceTree = "<group>"; };
		FF6048B5133E355C00BB74F6 /* handlefiletransferrequest.c */ = {isa = PBXFileReference; fileEncoding = 4; lastKnownFileType = sourcecode.c.c; path = handlefiletransferrequest.c; sourceTree = "<group>"; };
		FF6048B6133E355C00BB74F6 /* handlefiletransferrequest.h */ = {isa = PBXFileReference; fileEncoding = 4; lastKnownFileType = sourcecode.c.h; path = handlefiletransferrequest.h; sourceTree = "<group>"; };
		FF6048B7133E355C00BB74F6 /* rfbtightproto.h */ = {isa = PBXFileReference; fileEncoding = 4; lastKnownFileType = sourcecode.c.h; path = rfbtightproto.h; sourceTree = "<group>"; };
		FF6048B8133E355C00BB74F6 /* rfbtightserver.c */ = {isa = PBXFileReference; fileEncoding = 4; lastKnownFileType = sourcecode.c.c; path = rfbtightserver.c; sourceTree = "<group>"; };
		FF6048B9133E355C00BB74F6 /* translate.c */ = {isa = PBXFileReference; fileEncoding = 4; lastKnownFileType = sourcecode.c.c; name = translate.c; path = "x11vnc-0.9.12/libvncserver/translate.c"; sourceTree = SOURCE_ROOT; };
		FF6048BA133E355C00BB74F6 /* ultra.c */ = {isa = PBXFileReference; fileEncoding = 4; lastKnownFileType = sourcecode.c.c; name = ultra.c; path = "x11vnc-0.9.12/libvncserver/ultra.c"; sourceTree = SOURCE_ROOT; };
		FF6048BB133E355C00BB74F6 /* vncauth.c */ = {isa = PBXFileReference; fileEncoding = 4; lastKnownFileType = sourcecode.c.c; name = vncauth.c; path = "x11vnc-0.9.12/libvncserver/vncauth.c"; sourceTree = SOURCE_ROOT; };
		FF6048BC133E355C00BB74F6 /* zlib.c */ = {isa = PBXFileReference; fileEncoding = 4; lastKnownFileType = sourcecode.c.c; name = zlib.c; path = "x11vnc-0.9.12/libvncserver/zlib.c"; sourceTree = SOURCE_ROOT; };
		FF6048BD133E355C00BB74F6 /* zrle.c */ = {isa = PBXFileReference; fileEncoding = 4; lastKnownFileType = sourcecode.c.c; name = zrle.c; path = "x11vnc-0.9.12/libvncserver/zrle.c"; sourceTree = SOURCE_ROOT; };
		FF6048BF133E355C00BB74F6 /* zrleoutstream.c */ = {isa = PBXFileReference; fileEncoding = 4; lastKnownFileType = sourcecode.c.c; name = zrleoutstream.c; path = "x11vnc-0.9.12/libvncserver/zrleoutstream.c"; sourceTree = SOURCE_ROOT; };
		FF6048C0133E355C00BB74F6 /* zrleoutstream.h */ = {isa = PBXFileReference; fileEncoding = 4; lastKnownFileType = sourcecode.c.h; name = zrleoutstream.h; path = "x11vnc-0.9.12/libvncserver/zrleoutstream.h"; sourceTree = SOURCE_ROOT; };
		FF6048C1133E355C00BB74F6 /* zrlepalettehelper.c */ = {isa = PBXFileReference; fileEncoding = 4; lastKnownFileType = sourcecode.c.c; name = zrlepalettehelper.c; path = "x11vnc-0.9.12/libvncserver/zrlepalettehelper.c"; sourceTree = SOURCE_ROOT; };
		FF6048C2133E355C00BB74F6 /* zrlepalettehelper.h */ = {isa = PBXFileReference; fileEncoding = 4; lastKnownFileType = sourcecode.c.h; name = zrlepalettehelper.h; path = "x11vnc-0.9.12/libvncserver/zrlepalettehelper.h"; sourceTree = SOURCE_ROOT; };
		FF6048C3133E355C00BB74F6 /* zrletypes.h */ = {isa = PBXFileReference; fileEncoding = 4; lastKnownFileType = sourcecode.c.h; name = zrletypes.h; path = "x11vnc-0.9.12/libvncserver/zrletypes.h"; sourceTree = SOURCE_ROOT; };
		FF6048FD133E368400BB74F6 /* default8x16.h */ = {isa = PBXFileReference; fileEncoding = 4; lastKnownFileType = sourcecode.c.h; name = default8x16.h; path = "x11vnc-0.9.12/rfb/default8x16.h"; sourceTree = "<group>"; };
		FF6048FE133E368400BB74F6 /* keysym.h */ = {isa = PBXFileReference; fileEncoding = 4; lastKnownFileType = sourcecode.c.h; name = keysym.h; path = "x11vnc-0.9.12/rfb/keysym.h"; sourceTree = "<group>"; };
		FF6048FF133E368400BB74F6 /* rfb.h */ = {isa = PBXFileReference; fileEncoding = 4; lastKnownFileType = sourcecode.c.h; name = rfb.h; path = "x11vnc-0.9.12/rfb/rfb.h"; sourceTree = "<group>"; };
		FF604900133E368400BB74F6 /* rfbclient.h */ = {isa = PBXFileReference; fileEncoding = 4; lastKnownFileType = sourcecode.c.h; name = rfbclient.h; path = "x11vnc-0.9.12/rfb/rfbclient.h"; sourceTree = "<group>"; };
		FF604901133E368400BB74F6 /* rfbconfig.h */ = {isa = PBXFileReference; fileEncoding = 4; lastKnownFileType = sourcecode.c.h; name = rfbconfig.h; path = "x11vnc-0.9.12/rfb/rfbconfig.h"; sourceTree = "<group>"; };
		FF604902133E368400BB74F6 /* rfbint.h */ = {isa = PBXFileReference; fileEncoding = 4; lastKnownFileType = sourcecode.c.h; name = rfbint.h; path = "x11vnc-0.9.12/rfb/rfbint.h"; sourceTree = "<group>"; };
		FF604903133E368400BB74F6 /* rfbproto.h */ = {isa = PBXFileReference; fileEncoding = 4; lastKnownFileType = sourcecode.c.h; name = rfbproto.h; path = "x11vnc-0.9.12/rfb/rfbproto.h"; sourceTree = "<group>"; };
		FF604904133E368400BB74F6 /* rfbregion.h */ = {isa = PBXFileReference; fileEncoding = 4; lastKnownFileType = sourcecode.c.h; name = rfbregion.h; path = "x11vnc-0.9.12/rfb/rfbregion.h"; sourceTree = "<group>"; };
		FF60490D133E36F300BB74F6 /* libvncserver-ios.pch */ = {isa = PBXFileReference; fileEncoding = 4; lastKnownFileType = sourcecode.c.h; path = "libvncserver-ios.pch"; sourceTree = "<group>"; };
		FF604930133E439300BB74F6 /* main.c */ = {isa = PBXFileReference; fileEncoding = 4; lastKnownFileType = sourcecode.c.c; name = main.c; path = "x11vnc-0.9.12/libvncserver/main.c"; sourceTree = SOURCE_ROOT; };
		FF604957133E625300BB74F6 /* tight.c */ = {isa = PBXFileReference; fileEncoding = 4; lastKnownFileType = sourcecode.c.c; name = tight.c; path = "x11vnc-0.9.12/libvncserver/tight.c"; sourceTree = SOURCE_ROOT; };
		FF604959133E628B00BB74F6 /* cderror.h */ = {isa = PBXFileReference; fileEncoding = 4; lastKnownFileType = sourcecode.c.h; name = cderror.h; path = "jpeg-8c/cderror.h"; sourceTree = "<group>"; };
		FF60495A133E628B00BB74F6 /* cdjpeg.h */ = {isa = PBXFileReference; fileEncoding = 4; lastKnownFileType = sourcecode.c.h; name = cdjpeg.h; path = "jpeg-8c/cdjpeg.h"; sourceTree = "<group>"; };
		FF60495B133E628B00BB74F6 /* jdct.h */ = {isa = PBXFileReference; fileEncoding = 4; lastKnownFileType = sourcecode.c.h; name = jdct.h; path = "jpeg-8c/jdct.h"; sourceTree = "<group>"; };
		FF60495C133E628B00BB74F6 /* jerror.h */ = {isa = PBXFileReference; fileEncoding = 4; lastKnownFileType = sourcecode.c.h; name = jerror.h; path = "jpeg-8c/jerror.h"; sourceTree = "<group>"; };
		FF60495D133E628B00BB74F6 /* jinclude.h */ = {isa = PBXFileReference; fileEncoding = 4; lastKnownFileType = sourcecode.c.h; name = jinclude.h; path = "jpeg-8c/jinclude.h"; sourceTree = "<group>"; };
		FF60495E133E628B00BB74F6 /* jmemsys.h */ = {isa = PBXFileReference; fileEncoding = 4; lastKnownFileType = sourcecode.c.h; name = jmemsys.h; path = "jpeg-8c/jmemsys.h"; sourceTree = "<group>"; };
		FF60495F133E628B00BB74F6 /* jmorecfg.h */ = {isa = PBXFileReference; fileEncoding = 4; lastKnownFileType = sourcecode.c.h; name = jmorecfg.h; path = "jpeg-8c/jmorecfg.h"; sourceTree = "<group>"; };
		FF604960133E628B00BB74F6 /* jpegint.h */ = {isa = PBXFileReference; fileEncoding = 4; lastKnownFileType = sourcecode.c.h; name = jpegint.h; path = "jpeg-8c/jpegint.h"; sourceTree = "<group>"; };
		FF604961133E628B00BB74F6 /* jpeglib.h */ = {isa = PBXFileReference; fileEncoding = 4; lastKnownFileType = sourcecode.c.h; name = jpeglib.h; path = "jpeg-8c/jpeglib.h"; sourceTree = "<group>"; };
		FF604962133E628B00BB74F6 /* jversion.h */ = {isa = PBXFileReference; fileEncoding = 4; lastKnownFileType = sourcecode.c.h; name = jversion.h; path = "jpeg-8c/jversion.h"; sourceTree = "<group>"; };
		FF604963133E628B00BB74F6 /* transupp.h */ = {isa = PBXFileReference; fileEncoding = 4; lastKnownFileType = sourcecode.c.h; name = transupp.h; path = "jpeg-8c/transupp.h"; sourceTree = "<group>"; };
		FF60496A133E628B00BB74F6 /* jaricom.c */ = {isa = PBXFileReference; fileEncoding = 4; lastKnownFileType = sourcecode.c.c; name = jaricom.c; path = "jpeg-8c/jaricom.c"; sourceTree = "<group>"; };
		FF60496B133E628B00BB74F6 /* jcapimin.c */ = {isa = PBXFileReference; fileEncoding = 4; lastKnownFileType = sourcecode.c.c; name = jcapimin.c; path = "jpeg-8c/jcapimin.c"; sourceTree = "<group>"; };
		FF60496C133E628B00BB74F6 /* jcapistd.c */ = {isa = PBXFileReference; fileEncoding = 4; lastKnownFileType = sourcecode.c.c; name = jcapistd.c; path = "jpeg-8c/jcapistd.c"; sourceTree = "<group>"; };
		FF60496D133E628B00BB74F6 /* jcarith.c */ = {isa = PBXFileReference; fileEncoding = 4; lastKnownFileType = sourcecode.c.c; name = jcarith.c; path = "jpeg-8c/jcarith.c"; sourceTree = "<group>"; };
		FF60496E133E628B00BB74F6 /* jccoefct.c */ = {isa = PBXFileReference; fileEncoding = 4; lastKnownFileType = sourcecode.c.c; name = jccoefct.c; path = "jpeg-8c/jccoefct.c"; sourceTree = "<group>"; };
		FF60496F133E628B00BB74F6 /* jccolor.c */ = {isa = PBXFileReference; fileEncoding = 4; lastKnownFileType = sourcecode.c.c; name = jccolor.c; path = "jpeg-8c/jccolor.c"; sourceTree = "<group>"; };
		FF604970133E628B00BB74F6 /* jcdctmgr.c */ = {isa = PBXFileReference; fileEncoding = 4; lastKnownFileType = sourcecode.c.c; name = jcdctmgr.c; path = "jpeg-8c/jcdctmgr.c"; sourceTree = "<group>"; };
		FF604971133E628B00BB74F6 /* jchuff.c */ = {isa = PBXFileReference; fileEncoding = 4; lastKnownFileType = sourcecode.c.c; name = jchuff.c; path = "jpeg-8c/jchuff.c"; sourceTree = "<group>"; };
		FF604972133E628B00BB74F6 /* jcinit.c */ = {isa = PBXFileReference; fileEncoding = 4; lastKnownFileType = sourcecode.c.c; name = jcinit.c; path = "jpeg-8c/jcinit.c"; sourceTree = "<group>"; };
		FF604973133E628B00BB74F6 /* jcmainct.c */ = {isa = PBXFileReference; fileEncoding = 4; lastKnownFileType = sourcecode.c.c; name = jcmainct.c; path = "jpeg-8c/jcmainct.c"; sourceTree = "<group>"; };
		FF604974133E628B00BB74F6 /* jcmarker.c */ = {isa = PBXFileReference; fileEncoding = 4; lastKnownFileType = sourcecode.c.c; name = jcmarker.c; path = "jpeg-8c/jcmarker.c"; sourceTree = "<group>"; };
		FF604975133E628B00BB74F6 /* jcmaster.c */ = {isa = PBXFileReference; fileEncoding = 4; lastKnownFileType = sourcecode.c.c; name = jcmaster.c; path = "jpeg-8c/jcmaster.c"; sourceTree = "<group>"; };
		FF604976133E628B00BB74F6 /* jcomapi.c */ = {isa = PBXFileReference; fileEncoding = 4; lastKnownFileType = sourcecode.c.c; name = jcomapi.c; path = "jpeg-8c/jcomapi.c"; sourceTree = "<group>"; };
		FF604977133E628B00BB74F6 /* jcparam.c */ = {isa = PBXFileReference; fileEncoding = 4; lastKnownFileType = sourcecode.c.c; name = jcparam.c; path = "jpeg-8c/jcparam.c"; sourceTree = "<group>"; };
		FF604978133E628B00BB74F6 /* jcprepct.c */ = {isa = PBXFileReference; fileEncoding = 4; lastKnownFileType = sourcecode.c.c; name = jcprepct.c; path = "jpeg-8c/jcprepct.c"; sourceTree = "<group>"; };
		FF604979133E628B00BB74F6 /* jcsample.c */ = {isa = PBXFileReference; fileEncoding = 4; lastKnownFileType = sourcecode.c.c; name = jcsample.c; path = "jpeg-8c/jcsample.c"; sourceTree = "<group>"; };
		FF60497A133E628B00BB74F6 /* jctrans.c */ = {isa = PBXFileReference; fileEncoding = 4; lastKnownFileType = sourcecode.c.c; name = jctrans.c; path = "jpeg-8c/jctrans.c"; sourceTree = "<group>"; };
		FF60497B133E628B00BB74F6 /* jdapimin.c */ = {isa = PBXFileReference; fileEncoding = 4; lastKnownFileType = sourcecode.c.c; name = jdapimin.c; path = "jpeg-8c/jdapimin.c"; sourceTree = "<group>"; };
		FF60497C133E628B00BB74F6 /* jdapistd.c */ = {isa = PBXFileReference; fileEncoding = 4; lastKnownFileType = sourcecode.c.c; name = jdapistd.c; path = "jpeg-8c/jdapistd.c"; sourceTree = "<group>"; };
		FF60497D133E628B00BB74F6 /* jdarith.c */ = {isa = PBXFileReference; fileEncoding = 4; lastKnownFileType = sourcecode.c.c; name = jdarith.c; path = "jpeg-8c/jdarith.c"; sourceTree = "<group>"; };
		FF60497E133E628B00BB74F6 /* jdatadst.c */ = {isa = PBXFileReference; fileEncoding = 4; lastKnownFileType = sourcecode.c.c; name = jdatadst.c; path = "jpeg-8c/jdatadst.c"; sourceTree = "<group>"; };
		FF60497F133E628B00BB74F6 /* jdatasrc.c */ = {isa = PBXFileReference; fileEncoding = 4; lastKnownFileType = sourcecode.c.c; name = jdatasrc.c; path = "jpeg-8c/jdatasrc.c"; sourceTree = "<group>"; };
		FF604980133E628B00BB74F6 /* jdcoefct.c */ = {isa = PBXFileReference; fileEncoding = 4; lastKnownFileType = sourcecode.c.c; name = jdcoefct.c; path = "jpeg-8c/jdcoefct.c"; sourceTree = "<group>"; };
		FF604981133E628B00BB74F6 /* jdcolor.c */ = {isa = PBXFileReference; fileEncoding = 4; lastKnownFileType = sourcecode.c.c; name = jdcolor.c; path = "jpeg-8c/jdcolor.c"; sourceTree = "<group>"; };
		FF604982133E628B00BB74F6 /* jddctmgr.c */ = {isa = PBXFileReference; fileEncoding = 4; lastKnownFileType = sourcecode.c.c; name = jddctmgr.c; path = "jpeg-8c/jddctmgr.c"; sourceTree = "<group>"; };
		FF604983133E628B00BB74F6 /* jdhuff.c */ = {isa = PBXFileReference; fileEncoding = 4; lastKnownFileType = sourcecode.c.c; name = jdhuff.c; path = "jpeg-8c/jdhuff.c"; sourceTree = "<group>"; };
		FF604984133E628B00BB74F6 /* jdinput.c */ = {isa = PBXFileReference; fileEncoding = 4; lastKnownFileType = sourcecode.c.c; name = jdinput.c; path = "jpeg-8c/jdinput.c"; sourceTree = "<group>"; };
		FF604985133E628B00BB74F6 /* jdmainct.c */ = {isa = PBXFileReference; fileEncoding = 4; lastKnownFileType = sourcecode.c.c; name = jdmainct.c; path = "jpeg-8c/jdmainct.c"; sourceTree = "<group>"; };
		FF604986133E628B00BB74F6 /* jdmarker.c */ = {isa = PBXFileReference; fileEncoding = 4; lastKnownFileType = sourcecode.c.c; name = jdmarker.c; path = "jpeg-8c/jdmarker.c"; sourceTree = "<group>"; };
		FF604987133E628B00BB74F6 /* jdmaster.c */ = {isa = PBXFileReference; fileEncoding = 4; lastKnownFileType = sourcecode.c.c; name = jdmaster.c; path = "jpeg-8c/jdmaster.c"; sourceTree = "<group>"; };
		FF604988133E628B00BB74F6 /* jdmerge.c */ = {isa = PBXFileReference; fileEncoding = 4; lastKnownFileType = sourcecode.c.c; name = jdmerge.c; path = "jpeg-8c/jdmerge.c"; sourceTree = "<group>"; };
		FF604989133E628B00BB74F6 /* jdpostct.c */ = {isa = PBXFileReference; fileEncoding = 4; lastKnownFileType = sourcecode.c.c; name = jdpostct.c; path = "jpeg-8c/jdpostct.c"; sourceTree = "<group>"; };
		FF60498A133E628B00BB74F6 /* jdsample.c */ = {isa = PBXFileReference; fileEncoding = 4; lastKnownFileType = sourcecode.c.c; name = jdsample.c; path = "jpeg-8c/jdsample.c"; sourceTree = "<group>"; };
		FF60498B133E628B00BB74F6 /* jdtrans.c */ = {isa = PBXFileReference; fileEncoding = 4; lastKnownFileType = sourcecode.c.c; name = jdtrans.c; path = "jpeg-8c/jdtrans.c"; sourceTree = "<group>"; };
		FF60498C133E628B00BB74F6 /* jerror.c */ = {isa = PBXFileReference; fileEncoding = 4; lastKnownFileType = sourcecode.c.c; name = jerror.c; path = "jpeg-8c/jerror.c"; sourceTree = "<group>"; };
		FF60498D133E628B00BB74F6 /* jfdctflt.c */ = {isa = PBXFileReference; fileEncoding = 4; lastKnownFileType = sourcecode.c.c; name = jfdctflt.c; path = "jpeg-8c/jfdctflt.c"; sourceTree = "<group>"; };
		FF60498E133E628B00BB74F6 /* jfdctfst.c */ = {isa = PBXFileReference; fileEncoding = 4; lastKnownFileType = sourcecode.c.c; name = jfdctfst.c; path = "jpeg-8c/jfdctfst.c"; sourceTree = "<group>"; };
		FF60498F133E628B00BB74F6 /* jfdctint.c */ = {isa = PBXFileReference; fileEncoding = 4; lastKnownFileType = sourcecode.c.c; name = jfdctint.c; path = "jpeg-8c/jfdctint.c"; sourceTree = "<group>"; };
		FF604990133E628B00BB74F6 /* jidctflt.c */ = {isa = PBXFileReference; fileEncoding = 4; lastKnownFileType = sourcecode.c.c; name = jidctflt.c; path = "jpeg-8c/jidctflt.c"; sourceTree = "<group>"; };
		FF604991133E628B00BB74F6 /* jidctfst.c */ = {isa = PBXFileReference; fileEncoding = 4; lastKnownFileType = sourcecode.c.c; name = jidctfst.c; path = "jpeg-8c/jidctfst.c"; sourceTree = "<group>"; };
		FF604992133E628B00BB74F6 /* jidctint.c */ = {isa = PBXFileReference; fileEncoding = 4; lastKnownFileType = sourcecode.c.c; name = jidctint.c; path = "jpeg-8c/jidctint.c"; sourceTree = "<group>"; };
		FF604993133E628B00BB74F6 /* jmemansi.c */ = {isa = PBXFileReference; fileEncoding = 4; lastKnownFileType = sourcecode.c.c; name = jmemansi.c; path = "jpeg-8c/jmemansi.c"; sourceTree = "<group>"; };
		FF604996133E628B00BB74F6 /* jmemmgr.c */ = {isa = PBXFileReference; fileEncoding = 4; lastKnownFileType = sourcecode.c.c; name = jmemmgr.c; path = "jpeg-8c/jmemmgr.c"; sourceTree = "<group>"; };
		FF604997133E628B00BB74F6 /* jmemname.c */ = {isa = PBXFileReference; fileEncoding = 4; lastKnownFileType = sourcecode.c.c; name = jmemname.c; path = "jpeg-8c/jmemname.c"; sourceTree = "<group>"; };
		FF604998133E628B00BB74F6 /* jmemnobs.c */ = {isa = PBXFileReference; fileEncoding = 4; lastKnownFileType = sourcecode.c.c; name = jmemnobs.c; path = "jpeg-8c/jmemnobs.c"; sourceTree = "<group>"; };
		FF604999133E628B00BB74F6 /* jpegtran.c */ = {isa = PBXFileReference; fileEncoding = 4; lastKnownFileType = sourcecode.c.c; name = jpegtran.c; path = "jpeg-8c/jpegtran.c"; sourceTree = "<group>"; };
		FF60499A133E628B00BB74F6 /* jquant1.c */ = {isa = PBXFileReference; fileEncoding = 4; lastKnownFileType = sourcecode.c.c; name = jquant1.c; path = "jpeg-8c/jquant1.c"; sourceTree = "<group>"; };
		FF60499B133E628B00BB74F6 /* jquant2.c */ = {isa = PBXFileReference; fileEncoding = 4; lastKnownFileType = sourcecode.c.c; name = jquant2.c; path = "jpeg-8c/jquant2.c"; sourceTree = "<group>"; };
		FF60499C133E628B00BB74F6 /* jutils.c */ = {isa = PBXFileReference; fileEncoding = 4; lastKnownFileType = sourcecode.c.c; name = jutils.c; path = "jpeg-8c/jutils.c"; sourceTree = "<group>"; };
		FF60499D133E628B00BB74F6 /* rdbmp.c */ = {isa = PBXFileReference; fileEncoding = 4; lastKnownFileType = sourcecode.c.c; name = rdbmp.c; path = "jpeg-8c/rdbmp.c"; sourceTree = "<group>"; };
		FF60499E133E628B00BB74F6 /* rdcolmap.c */ = {isa = PBXFileReference; fileEncoding = 4; lastKnownFileType = sourcecode.c.c; name = rdcolmap.c; path = "jpeg-8c/rdcolmap.c"; sourceTree = "<group>"; };
		FF60499F133E628B00BB74F6 /* rdgif.c */ = {isa = PBXFileReference; fileEncoding = 4; lastKnownFileType = sourcecode.c.c; name = rdgif.c; path = "jpeg-8c/rdgif.c"; sourceTree = "<group>"; };
		FF6049A0133E628B00BB74F6 /* rdjpgcom.c */ = {isa = PBXFileReference; fileEncoding = 4; lastKnownFileType = sourcecode.c.c; name = rdjpgcom.c; path = "jpeg-8c/rdjpgcom.c"; sourceTree = "<group>"; };
		FF6049A1133E628B00BB74F6 /* rdppm.c */ = {isa = PBXFileReference; fileEncoding = 4; lastKnownFileType = sourcecode.c.c; name = rdppm.c; path = "jpeg-8c/rdppm.c"; sourceTree = "<group>"; };
		FF6049A2133E628B00BB74F6 /* rdrle.c */ = {isa = PBXFileReference; fileEncoding = 4; lastKnownFileType = sourcecode.c.c; name = rdrle.c; path = "jpeg-8c/rdrle.c"; sourceTree = "<group>"; };
		FF6049A3133E628B00BB74F6 /* rdswitch.c */ = {isa = PBXFileReference; fileEncoding = 4; lastKnownFileType = sourcecode.c.c; name = rdswitch.c; path = "jpeg-8c/rdswitch.c"; sourceTree = "<group>"; };
		FF6049A4133E628B00BB74F6 /* rdtarga.c */ = {isa = PBXFileReference; fileEncoding = 4; lastKnownFileType = sourcecode.c.c; name = rdtarga.c; path = "jpeg-8c/rdtarga.c"; sourceTree = "<group>"; };
		FF6049A5133E628B00BB74F6 /* transupp.c */ = {isa = PBXFileReference; fileEncoding = 4; lastKnownFileType = sourcecode.c.c; name = transupp.c; path = "jpeg-8c/transupp.c"; sourceTree = "<group>"; };
		FF6049A6133E628B00BB74F6 /* wrbmp.c */ = {isa = PBXFileReference; fileEncoding = 4; lastKnownFileType = sourcecode.c.c; name = wrbmp.c; path = "jpeg-8c/wrbmp.c"; sourceTree = "<group>"; };
		FF6049A7133E628B00BB74F6 /* wrgif.c */ = {isa = PBXFileReference; fileEncoding = 4; lastKnownFileType = sourcecode.c.c; name = wrgif.c; path = "jpeg-8c/wrgif.c"; sourceTree = "<group>"; };
		FF6049A8133E628B00BB74F6 /* wrjpgcom.c */ = {isa = PBXFileReference; fileEncoding = 4; lastKnownFileType = sourcecode.c.c; name = wrjpgcom.c; path = "jpeg-8c/wrjpgcom.c"; sourceTree = "<group>"; };
		FF6049A9133E628B00BB74F6 /* wrppm.c */ = {isa = PBXFileReference; fileEncoding = 4; lastKnownFileType = sourcecode.c.c; name = wrppm.c; path = "jpeg-8c/wrppm.c"; sourceTree = "<group>"; };
		FF6049AA133E628B00BB74F6 /* wrrle.c */ = {isa = PBXFileReference; fileEncoding = 4; lastKnownFileType = sourcecode.c.c; name = wrrle.c; path = "jpeg-8c/wrrle.c"; sourceTree = "<group>"; };
		FF6049AB133E628B00BB74F6 /* wrtarga.c */ = {isa = PBXFileReference; fileEncoding = 4; lastKnownFileType = sourcecode.c.c; name = wrtarga.c; path = "jpeg-8c/wrtarga.c"; sourceTree = "<group>"; };
/* End PBXFileReference section */

/* Begin PBXFrameworksBuildPhase section */
		FF60487D133E346D00BB74F6 /* Frameworks */ = {
			isa = PBXFrameworksBuildPhase;
			buildActionMask = 2147483647;
			files = (
				FF604884133E346D00BB74F6 /* Foundation.framework in Frameworks */,
			);
			runOnlyForDeploymentPostprocessing = 0;
		};
/* End PBXFrameworksBuildPhase section */

/* Begin PBXGroup section */
		FF604875133E346D00BB74F6 = {
			isa = PBXGroup;
			children = (
				FF604955133E622900BB74F6 /* jpeglib */,
				FF60490D133E36F300BB74F6 /* libvncserver-ios.pch */,
				FF6048FC133E367200BB74F6 /* rfb */,
				FF604885133E346D00BB74F6 /* libvncserver */,
				FF604882133E346D00BB74F6 /* Frameworks */,
				FF604881133E346D00BB74F6 /* Products */,
			);
			sourceTree = "<group>";
		};
		FF604881133E346D00BB74F6 /* Products */ = {
			isa = PBXGroup;
			children = (
				FF604880133E346D00BB74F6 /* liblibvncserver.a */,
			);
			name = Products;
			sourceTree = "<group>";
		};
		FF604882133E346D00BB74F6 /* Frameworks */ = {
			isa = PBXGroup;
			children = (
				FF604883133E346D00BB74F6 /* Foundation.framework */,
			);
			name = Frameworks;
			sourceTree = "<group>";
		};
		FF604885133E346D00BB74F6 /* libvncserver */ = {
			isa = PBXGroup;
			children = (
				FF604957133E625300BB74F6 /* tight.c */,
				FF604930133E439300BB74F6 /* main.c */,
				FF604893133E355C00BB74F6 /* auth.c */,
				FF604894133E355C00BB74F6 /* cargs.c */,
				FF604895133E355C00BB74F6 /* corre.c */,
				FF604896133E355C00BB74F6 /* cursor.c */,
				FF604897133E355C00BB74F6 /* cutpaste.c */,
				FF604898133E355C00BB74F6 /* d3des.c */,
				FF604899133E355C00BB74F6 /* d3des.h */,
				FF60489A133E355C00BB74F6 /* draw.c */,
				FF60489B133E355C00BB74F6 /* font.c */,
				FF60489C133E355C00BB74F6 /* hextile.c */,
				FF60489D133E355C00BB74F6 /* httpd.c */,
				FF60489E133E355C00BB74F6 /* lzoconf.h */,
				FF60489F133E355C00BB74F6 /* minilzo.c */,
				FF6048A0133E355C00BB74F6 /* minilzo.h */,
				FF6048A1133E355C00BB74F6 /* private.h */,
				FF6048A2133E355C00BB74F6 /* rfbregion.c */,
				FF6048A3133E355C00BB74F6 /* rfbserver.c */,
				FF6048A4133E355C00BB74F6 /* rre.c */,
				FF6048A5133E355C00BB74F6 /* scale.c */,
				FF6048A6133E355C00BB74F6 /* scale.h */,
				FF6048A7133E355C00BB74F6 /* selbox.c */,
				FF6048A8133E355C00BB74F6 /* sockets.c */,
				FF6048A9133E355C00BB74F6 /* stats.c */,
				FF6048B0133E355C00BB74F6 /* tightvnc-filetransfer */,
				FF6048B9133E355C00BB74F6 /* translate.c */,
				FF6048BA133E355C00BB74F6 /* ultra.c */,
				FF6048BB133E355C00BB74F6 /* vncauth.c */,
				FF6048BC133E355C00BB74F6 /* zlib.c */,
				FF6048BD133E355C00BB74F6 /* zrle.c */,
				FF6048BF133E355C00BB74F6 /* zrleoutstream.c */,
				FF6048C0133E355C00BB74F6 /* zrleoutstream.h */,
				FF6048C1133E355C00BB74F6 /* zrlepalettehelper.c */,
				FF6048C2133E355C00BB74F6 /* zrlepalettehelper.h */,
				FF6048C3133E355C00BB74F6 /* zrletypes.h */,
			);
			path = libvncserver;
			sourceTree = "<group>";
		};
		FF6048B0133E355C00BB74F6 /* tightvnc-filetransfer */ = {
			isa = PBXGroup;
			children = (
				FF6048B1133E355C00BB74F6 /* filelistinfo.c */,
				FF6048B2133E355C00BB74F6 /* filelistinfo.h */,
				FF6048B3133E355C00BB74F6 /* filetransfermsg.c */,
				FF6048B4133E355C00BB74F6 /* filetransfermsg.h */,
				FF6048B5133E355C00BB74F6 /* handlefiletransferrequest.c */,
				FF6048B6133E355C00BB74F6 /* handlefiletransferrequest.h */,
				FF6048B7133E355C00BB74F6 /* rfbtightproto.h */,
				FF6048B8133E355C00BB74F6 /* rfbtightserver.c */,
			);
			name = "tightvnc-filetransfer";
			path = "x11vnc-0.9.12/libvncserver/tightvnc-filetransfer";
			sourceTree = SOURCE_ROOT;
		};
		FF6048FC133E367200BB74F6 /* rfb */ = {
			isa = PBXGroup;
			children = (
				FF6048FD133E368400BB74F6 /* default8x16.h */,
				FF6048FE133E368400BB74F6 /* keysym.h */,
				FF6048FF133E368400BB74F6 /* rfb.h */,
				FF604900133E368400BB74F6 /* rfbclient.h */,
				FF604901133E368400BB74F6 /* rfbconfig.h */,
				FF604902133E368400BB74F6 /* rfbint.h */,
				FF604903133E368400BB74F6 /* rfbproto.h */,
				FF604904133E368400BB74F6 /* rfbregion.h */,
			);
			name = rfb;
			sourceTree = "<group>";
		};
		FF604955133E622900BB74F6 /* jpeglib */ = {
			isa = PBXGroup;
			children = (
				FF604959133E628B00BB74F6 /* cderror.h */,
				FF60495A133E628B00BB74F6 /* cdjpeg.h */,
				FF60495B133E628B00BB74F6 /* jdct.h */,
				FF60495C133E628B00BB74F6 /* jerror.h */,
				FF60495D133E628B00BB74F6 /* jinclude.h */,
				FF60495E133E628B00BB74F6 /* jmemsys.h */,
				FF60495F133E628B00BB74F6 /* jmorecfg.h */,
				FF604960133E628B00BB74F6 /* jpegint.h */,
				FF604961133E628B00BB74F6 /* jpeglib.h */,
				FF604962133E628B00BB74F6 /* jversion.h */,
				FF604963133E628B00BB74F6 /* transupp.h */,
				FF60496A133E628B00BB74F6 /* jaricom.c */,
				FF60496B133E628B00BB74F6 /* jcapimin.c */,
				FF60496C133E628B00BB74F6 /* jcapistd.c */,
				FF60496D133E628B00BB74F6 /* jcarith.c */,
				FF60496E133E628B00BB74F6 /* jccoefct.c */,
				FF60496F133E628B00BB74F6 /* jccolor.c */,
				FF604970133E628B00BB74F6 /* jcdctmgr.c */,
				FF604971133E628B00BB74F6 /* jchuff.c */,
				FF604972133E628B00BB74F6 /* jcinit.c */,
				FF604973133E628B00BB74F6 /* jcmainct.c */,
				FF604974133E628B00BB74F6 /* jcmarker.c */,
				FF604975133E628B00BB74F6 /* jcmaster.c */,
				FF604976133E628B00BB74F6 /* jcomapi.c */,
				FF604977133E628B00BB74F6 /* jcparam.c */,
				FF604978133E628B00BB74F6 /* jcprepct.c */,
				FF604979133E628B00BB74F6 /* jcsample.c */,
				FF60497A133E628B00BB74F6 /* jctrans.c */,
				FF60497B133E628B00BB74F6 /* jdapimin.c */,
				FF60497C133E628B00BB74F6 /* jdapistd.c */,
				FF60497D133E628B00BB74F6 /* jdarith.c */,
				FF60497E133E628B00BB74F6 /* jdatadst.c */,
				FF60497F133E628B00BB74F6 /* jdatasrc.c */,
				FF604980133E628B00BB74F6 /* jdcoefct.c */,
				FF604981133E628B00BB74F6 /* jdcolor.c */,
				FF604982133E628B00BB74F6 /* jddctmgr.c */,
				FF604983133E628B00BB74F6 /* jdhuff.c */,
				FF604984133E628B00BB74F6 /* jdinput.c */,
				FF604985133E628B00BB74F6 /* jdmainct.c */,
				FF604986133E628B00BB74F6 /* jdmarker.c */,
				FF604987133E628B00BB74F6 /* jdmaster.c */,
				FF604988133E628B00BB74F6 /* jdmerge.c */,
				FF604989133E628B00BB74F6 /* jdpostct.c */,
				FF60498A133E628B00BB74F6 /* jdsample.c */,
				FF60498B133E628B00BB74F6 /* jdtrans.c */,
				FF60498C133E628B00BB74F6 /* jerror.c */,
				FF60498D133E628B00BB74F6 /* jfdctflt.c */,
				FF60498E133E628B00BB74F6 /* jfdctfst.c */,
				FF60498F133E628B00BB74F6 /* jfdctint.c */,
				FF604990133E628B00BB74F6 /* jidctflt.c */,
				FF604991133E628B00BB74F6 /* jidctfst.c */,
				FF604992133E628B00BB74F6 /* jidctint.c */,
				FF604993133E628B00BB74F6 /* jmemansi.c */,
				FF604996133E628B00BB74F6 /* jmemmgr.c */,
				FF604997133E628B00BB74F6 /* jmemname.c */,
				FF604998133E628B00BB74F6 /* jmemnobs.c */,
				FF604999133E628B00BB74F6 /* jpegtran.c */,
				FF60499A133E628B00BB74F6 /* jquant1.c */,
				FF60499B133E628B00BB74F6 /* jquant2.c */,
				FF60499C133E628B00BB74F6 /* jutils.c */,
				FF60499D133E628B00BB74F6 /* rdbmp.c */,
				FF60499E133E628B00BB74F6 /* rdcolmap.c */,
				FF60499F133E628B00BB74F6 /* rdgif.c */,
				FF6049A0133E628B00BB74F6 /* rdjpgcom.c */,
				FF6049A1133E628B00BB74F6 /* rdppm.c */,
				FF6049A2133E628B00BB74F6 /* rdrle.c */,
				FF6049A3133E628B00BB74F6 /* rdswitch.c */,
				FF6049A4133E628B00BB74F6 /* rdtarga.c */,
				FF6049A5133E628B00BB74F6 /* transupp.c */,
				FF6049A6133E628B00BB74F6 /* wrbmp.c */,
				FF6049A7133E628B00BB74F6 /* wrgif.c */,
				FF6049A8133E628B00BB74F6 /* wrjpgcom.c */,
				FF6049A9133E628B00BB74F6 /* wrppm.c */,
				FF6049AA133E628B00BB74F6 /* wrrle.c */,
				FF6049AB133E628B00BB74F6 /* wrtarga.c */,
			);
			name = jpeglib;
			sourceTree = "<group>";
		};
/* End PBXGroup section */

/* Begin PBXHeadersBuildPhase section */
		FF60487E133E346D00BB74F6 /* Headers */ = {
			isa = PBXHeadersBuildPhase;
			buildActionMask = 2147483647;
			files = (
				FF6048CB133E355C00BB74F6 /* d3des.h in Headers */,
				FF6048D0133E355C00BB74F6 /* lzoconf.h in Headers */,
				FF6048D2133E355C00BB74F6 /* minilzo.h in Headers */,
				FF6048D3133E355C00BB74F6 /* private.h in Headers */,
				FF6048D8133E355C00BB74F6 /* scale.h in Headers */,
				FF6048E3133E355C00BB74F6 /* filelistinfo.h in Headers */,
				FF6048E5133E355C00BB74F6 /* filetransfermsg.h in Headers */,
				FF6048E7133E355C00BB74F6 /* handlefiletransferrequest.h in Headers */,
				FF6048E8133E355C00BB74F6 /* rfbtightproto.h in Headers */,
				FF6048F1133E355C00BB74F6 /* zrleoutstream.h in Headers */,
				FF6048F3133E355C00BB74F6 /* zrlepalettehelper.h in Headers */,
				FF6048F4133E355C00BB74F6 /* zrletypes.h in Headers */,
				FF604905133E368400BB74F6 /* default8x16.h in Headers */,
				FF604906133E368400BB74F6 /* keysym.h in Headers */,
				FF604907133E368400BB74F6 /* rfb.h in Headers */,
				FF604908133E368400BB74F6 /* rfbclient.h in Headers */,
				FF604909133E368400BB74F6 /* rfbconfig.h in Headers */,
				FF60490A133E368400BB74F6 /* rfbint.h in Headers */,
				FF60490B133E368400BB74F6 /* rfbproto.h in Headers */,
				FF60490C133E368400BB74F6 /* rfbregion.h in Headers */,
				FF60490F133E36F300BB74F6 /* libvncserver-ios.pch in Headers */,
				FF6049AC133E628B00BB74F6 /* cderror.h in Headers */,
				FF6049AD133E628B00BB74F6 /* cdjpeg.h in Headers */,
				FF6049AE133E628B00BB74F6 /* jdct.h in Headers */,
				FF6049AF133E628B00BB74F6 /* jerror.h in Headers */,
				FF6049B0133E628B00BB74F6 /* jinclude.h in Headers */,
				FF6049B1133E628B00BB74F6 /* jmemsys.h in Headers */,
				FF6049B2133E628B00BB74F6 /* jmorecfg.h in Headers */,
				FF6049B3133E628B00BB74F6 /* jpegint.h in Headers */,
				FF6049B4133E628B00BB74F6 /* jpeglib.h in Headers */,
				FF6049B5133E628B00BB74F6 /* jversion.h in Headers */,
				FF6049B6133E628B00BB74F6 /* transupp.h in Headers */,
			);
			runOnlyForDeploymentPostprocessing = 0;
		};
/* End PBXHeadersBuildPhase section */

/* Begin PBXNativeTarget section */
		FF60487F133E346D00BB74F6 /* libvncserver */ = {
			isa = PBXNativeTarget;
			buildConfigurationList = FF60488A133E346D00BB74F6 /* Build configuration list for PBXNativeTarget "libvncserver" */;
			buildPhases = (
				FF60487C133E346D00BB74F6 /* Sources */,
				FF60487D133E346D00BB74F6 /* Frameworks */,
				FF60487E133E346D00BB74F6 /* Headers */,
			);
			buildRules = (
			);
			dependencies = (
			);
			name = libvncserver;
			productName = libvncserver;
			productReference = FF604880133E346D00BB74F6 /* liblibvncserver.a */;
			productType = "com.apple.product-type.library.static";
		};
/* End PBXNativeTarget section */

/* Begin PBXProject section */
		FF604877133E346D00BB74F6 /* Project object */ = {
			isa = PBXProject;
			attributes = {
				ORGANIZATIONNAME = Jeppesen;
			};
			buildConfigurationList = FF60487A133E346D00BB74F6 /* Build configuration list for PBXProject "libvncserver" */;
			compatibilityVersion = "Xcode 3.2";
			developmentRegion = English;
			hasScannedForEncodings = 0;
			knownRegions = (
				en,
			);
			mainGroup = FF604875133E346D00BB74F6;
			productRefGroup = FF604881133E346D00BB74F6 /* Products */;
			projectDirPath = "";
			projectRoot = "";
			targets = (
				FF60487F133E346D00BB74F6 /* libvncserver */,
			);
		};
/* End PBXProject section */

/* Begin PBXSourcesBuildPhase section */
		FF60487C133E346D00BB74F6 /* Sources */ = {
			isa = PBXSourcesBuildPhase;
			buildActionMask = 2147483647;
			files = (
				FF6048C5133E355C00BB74F6 /* auth.c in Sources */,
				FF6048C6133E355C00BB74F6 /* cargs.c in Sources */,
				FF6048C7133E355C00BB74F6 /* corre.c in Sources */,
				FF6048C8133E355C00BB74F6 /* cursor.c in Sources */,
				FF6048C9133E355C00BB74F6 /* cutpaste.c in Sources */,
				FF6048CA133E355C00BB74F6 /* d3des.c in Sources */,
				FF6048CC133E355C00BB74F6 /* draw.c in Sources */,
				FF6048CD133E355C00BB74F6 /* font.c in Sources */,
				FF6048CE133E355C00BB74F6 /* hextile.c in Sources */,
				FF6048CF133E355C00BB74F6 /* httpd.c in Sources */,
				FF6048D1133E355C00BB74F6 /* minilzo.c in Sources */,
				FF6048D4133E355C00BB74F6 /* rfbregion.c in Sources */,
				FF6048D5133E355C00BB74F6 /* rfbserver.c in Sources */,
				FF6048D6133E355C00BB74F6 /* rre.c in Sources */,
				FF6048D7133E355C00BB74F6 /* scale.c in Sources */,
				FF6048D9133E355C00BB74F6 /* selbox.c in Sources */,
				FF6048DA133E355C00BB74F6 /* sockets.c in Sources */,
				FF6048DB133E355C00BB74F6 /* stats.c in Sources */,
				FF6048E2133E355C00BB74F6 /* filelistinfo.c in Sources */,
				FF6048E4133E355C00BB74F6 /* filetransfermsg.c in Sources */,
				FF6048E6133E355C00BB74F6 /* handlefiletransferrequest.c in Sources */,
				FF6048E9133E355C00BB74F6 /* rfbtightserver.c in Sources */,
				FF6048EA133E355C00BB74F6 /* translate.c in Sources */,
				FF6048EB133E355C00BB74F6 /* ultra.c in Sources */,
				FF6048EC133E355C00BB74F6 /* vncauth.c in Sources */,
				FF6048ED133E355C00BB74F6 /* zlib.c in Sources */,
				FF6048EE133E355C00BB74F6 /* zrle.c in Sources */,
				FF6048F0133E355C00BB74F6 /* zrleoutstream.c in Sources */,
				FF6048F2133E355C00BB74F6 /* zrlepalettehelper.c in Sources */,
				FF604931133E439300BB74F6 /* main.c in Sources */,
				FF604958133E625300BB74F6 /* tight.c in Sources */,
				FF6049BD133E628B00BB74F6 /* jaricom.c in Sources */,
				FF6049BE133E628B00BB74F6 /* jcapimin.c in Sources */,
				FF6049BF133E628B00BB74F6 /* jcapistd.c in Sources */,
				FF6049C0133E628B00BB74F6 /* jcarith.c in Sources */,
				FF6049C1133E628B00BB74F6 /* jccoefct.c in Sources */,
				FF6049C2133E628B00BB74F6 /* jccolor.c in Sources */,
				FF6049C3133E628B00BB74F6 /* jcdctmgr.c in Sources */,
				FF6049C4133E628B00BB74F6 /* jchuff.c in Sources */,
				FF6049C5133E628B00BB74F6 /* jcinit.c in Sources */,
				FF6049C6133E628B00BB74F6 /* jcmainct.c in Sources */,
				FF6049C7133E628B00BB74F6 /* jcmarker.c in Sources */,
				FF6049C8133E628B00BB74F6 /* jcmaster.c in Sources */,
				FF6049C9133E628B00BB74F6 /* jcomapi.c in Sources */,
				FF6049CA133E628B00BB74F6 /* jcparam.c in Sources */,
				FF6049CB133E628B00BB74F6 /* jcprepct.c in Sources */,
				FF6049CC133E628B00BB74F6 /* jcsample.c in Sources */,
				FF6049CD133E628B00BB74F6 /* jctrans.c in Sources */,
				FF6049CE133E628B00BB74F6 /* jdapimin.c in Sources */,
				FF6049CF133E628B00BB74F6 /* jdapistd.c in Sources */,
				FF6049D0133E628B00BB74F6 /* jdarith.c in Sources */,
				FF6049D1133E628B00BB74F6 /* jdatadst.c in Sources */,
				FF6049D2133E628B00BB74F6 /* jdatasrc.c in Sources */,
				FF6049D3133E628B00BB74F6 /* jdcoefct.c in Sources */,
				FF6049D4133E628B00BB74F6 /* jdcolor.c in Sources */,
				FF6049D5133E628B00BB74F6 /* jddctmgr.c in Sources */,
				FF6049D6133E628B00BB74F6 /* jdhuff.c in Sources */,
				FF6049D7133E628B00BB74F6 /* jdinput.c in Sources */,
				FF6049D8133E628B00BB74F6 /* jdmainct.c in Sources */,
				FF6049D9133E628B00BB74F6 /* jdmarker.c in Sources */,
				FF6049DA133E628B00BB74F6 /* jdmaster.c in Sources */,
				FF6049DB133E628B00BB74F6 /* jdmerge.c in Sources */,
				FF6049DC133E628B00BB74F6 /* jdpostct.c in Sources */,
				FF6049DD133E628B00BB74F6 /* jdsample.c in Sources */,
				FF6049DE133E628B00BB74F6 /* jdtrans.c in Sources */,
				FF6049DF133E628B00BB74F6 /* jerror.c in Sources */,
				FF6049E0133E628B00BB74F6 /* jfdctflt.c in Sources */,
				FF6049E1133E628B00BB74F6 /* jfdctfst.c in Sources */,
				FF6049E2133E628B00BB74F6 /* jfdctint.c in Sources */,
				FF6049E3133E628B00BB74F6 /* jidctflt.c in Sources */,
				FF6049E4133E628B00BB74F6 /* jidctfst.c in Sources */,
				FF6049E5133E628B00BB74F6 /* jidctint.c in Sources */,
				FF6049E6133E628B00BB74F6 /* jmemansi.c in Sources */,
				FF6049E9133E628B00BB74F6 /* jmemmgr.c in Sources */,
				FF6049EA133E628B00BB74F6 /* jmemname.c in Sources */,
				FF6049EB133E628B00BB74F6 /* jmemnobs.c in Sources */,
				FF6049EC133E628B00BB74F6 /* jpegtran.c in Sources */,
				FF6049ED133E628B00BB74F6 /* jquant1.c in Sources */,
				FF6049EE133E628B00BB74F6 /* jquant2.c in Sources */,
				FF6049EF133E628B00BB74F6 /* jutils.c in Sources */,
				FF6049F0133E628B00BB74F6 /* rdbmp.c in Sources */,
				FF6049F1133E628B00BB74F6 /* rdcolmap.c in Sources */,
				FF6049F2133E628B00BB74F6 /* rdgif.c in Sources */,
				FF6049F3133E628B00BB74F6 /* rdjpgcom.c in Sources */,
				FF6049F4133E628B00BB74F6 /* rdppm.c in Sources */,
				FF6049F5133E628B00BB74F6 /* rdrle.c in Sources */,
				FF6049F6133E628B00BB74F6 /* rdswitch.c in Sources */,
				FF6049F7133E628B00BB74F6 /* rdtarga.c in Sources */,
				FF6049F8133E628B00BB74F6 /* transupp.c in Sources */,
				FF6049F9133E628B00BB74F6 /* wrbmp.c in Sources */,
				FF6049FA133E628B00BB74F6 /* wrgif.c in Sources */,
				FF6049FB133E628B00BB74F6 /* wrjpgcom.c in Sources */,
				FF6049FC133E628B00BB74F6 /* wrppm.c in Sources */,
				FF6049FD133E628B00BB74F6 /* wrrle.c in Sources */,
				FF6049FE133E628B00BB74F6 /* wrtarga.c in Sources */,
			);
			runOnlyForDeploymentPostprocessing = 0;
		};
/* End PBXSourcesBuildPhase section */

/* Begin XCBuildConfiguration section */
		FF604888133E346D00BB74F6 /* Debug */ = {
			isa = XCBuildConfiguration;
			buildSettings = {
				ARCHS = "$(ARCHS_STANDARD_32_BIT)";
				GCC_C_LANGUAGE_STANDARD = gnu99;
				GCC_OPTIMIZATION_LEVEL = 0;
				GCC_PREPROCESSOR_DEFINITIONS = DEBUG;
				GCC_SYMBOLS_PRIVATE_EXTERN = NO;
				GCC_VERSION = com.apple.compilers.llvm.clang.1_0;
				GCC_WARN_ABOUT_RETURN_TYPE = YES;
				GCC_WARN_UNUSED_VARIABLE = YES;
				HEADER_SEARCH_PATHS = "x11vnc-0.9.12/**";
				IPHONEOS_DEPLOYMENT_TARGET = 4.3;
				SDKROOT = iphoneos;
			};
			name = Debug;
		};
		FF604889133E346D00BB74F6 /* Release */ = {
			isa = XCBuildConfiguration;
			buildSettings = {
				ARCHS = "$(ARCHS_STANDARD_32_BIT)";
				GCC_C_LANGUAGE_STANDARD = gnu99;
				GCC_VERSION = com.apple.compilers.llvm.clang.1_0;
				GCC_WARN_ABOUT_RETURN_TYPE = YES;
				GCC_WARN_UNUSED_VARIABLE = YES;
				HEADER_SEARCH_PATHS = "x11vnc-0.9.12/**";
				IPHONEOS_DEPLOYMENT_TARGET = 4.3;
				SDKROOT = iphoneos;
			};
			name = Release;
		};
		FF60488B133E346D00BB74F6 /* Debug */ = {
			isa = XCBuildConfiguration;
			buildSettings = {
				ALWAYS_SEARCH_USER_PATHS = NO;
				DSTROOT = /tmp/libvncserver.dst;
				GCC_PRECOMPILE_PREFIX_HEADER = YES;
				GCC_PREFIX_HEADER = "libvncserver-ios.pch";
				OTHER_LDFLAGS = "-ObjC";
				PRODUCT_NAME = "$(TARGET_NAME)";
			};
			name = Debug;
		};
		FF60488C133E346D00BB74F6 /* Release */ = {
			isa = XCBuildConfiguration;
			buildSettings = {
				ALWAYS_SEARCH_USER_PATHS = NO;
				DSTROOT = /tmp/libvncserver.dst;
				GCC_PRECOMPILE_PREFIX_HEADER = YES;
				GCC_PREFIX_HEADER = "libvncserver-ios.pch";
				OTHER_LDFLAGS = "-ObjC";
				PRODUCT_NAME = "$(TARGET_NAME)";
			};
			name = Release;
		};
/* End XCBuildConfiguration section */

/* Begin XCConfigurationList section */
		FF60487A133E346D00BB74F6 /* Build configuration list for PBXProject "libvncserver" */ = {
			isa = XCConfigurationList;
			buildConfigurations = (
				FF604888133E346D00BB74F6 /* Debug */,
				FF604889133E346D00BB74F6 /* Release */,
			);
			defaultConfigurationIsVisible = 0;
			defaultConfigurationName = Release;
		};
		FF60488A133E346D00BB74F6 /* Build configuration list for PBXNativeTarget "libvncserver" */ = {
			isa = XCConfigurationList;
			buildConfigurations = (
				FF60488B133E346D00BB74F6 /* Debug */,
				FF60488C133E346D00BB74F6 /* Release */,
			);
			defaultConfigurationIsVisible = 0;
			defaultConfigurationName = Release;
		};
/* End XCConfigurationList section */
	};
	rootObject = FF604877133E346D00BB74F6 /* Project object */;
}
